{
  "name": "mojikura-idl",
  "version": "2.1.4",
  "lockfileVersion": 2,
  "requires": true,
  "packages": {
    "": {
      "version": "2.1.4",
      "license": "MIT",
      "dependencies": {
        "cnd": "^9.2.2",
        "intertype": "^7.6.7",
        "ncr-norangereader": "^2.1.3",
        "nearley": "^2.9.3"
      }
    },
    "node_modules/cnd": {
      "version": "9.2.2",
      "resolved": "https://registry.npmjs.org/cnd/-/cnd-9.2.2.tgz",
      "integrity": "sha512-F+/H+7luk4fZkvN0+MT0I2nwn80YM/EtfMttNUFxENR50XJH4g0KgQevzeyEJ8B6t6l8Tb4Xti6QAksa8DmePA==",
      "dependencies": {
        "jsx-number-format": "^0.1.4"
      },
      "bin": {
        "nodexh": "bin/nodexh"
      }
    },
    "node_modules/colors": {
      "version": "0.5.1",
      "resolved": "https://registry.npmjs.org/colors/-/colors-0.5.1.tgz",
      "integrity": "sha1-fQAj6usVTo7p/Oddy5I9DtFmd3Q=",
      "engines": {
        "node": ">=0.1.90"
      }
    },
    "node_modules/discontinuous-range": {
      "version": "1.0.0",
      "resolved": "https://registry.npmjs.org/discontinuous-range/-/discontinuous-range-1.0.0.tgz",
      "integrity": "sha1-44Mx8IRLukm5qctxx3FYWqsbxlo="
    },
    "node_modules/interskiplist": {
      "version": "0.3.0",
      "resolved": "https://registry.npmjs.org/interskiplist/-/interskiplist-0.3.0.tgz",
      "integrity": "sha512-wbJT06yDygPP1b8QcMeQeTcu4RJAvusz2TpN6CaSnVMwifUqexOp6FuCdYKw/v2gvT/jpOYeoyfNB5umLiQKeA==",
      "dependencies": {
        "cnd": "9.2.1",
        "intertype": "^7.6.7",
        "interval-skip-list": "^2.0.1",
        "multimix006modern": "^0.0.6"
      }
    },
    "node_modules/interskiplist/node_modules/cnd": {
      "version": "9.2.1",
      "resolved": "https://registry.npmjs.org/cnd/-/cnd-9.2.1.tgz",
      "integrity": "sha512-JszZtSlOCxkIvNPKpw1PmIcQUjYO+pBqVoKVH2STHLtG4JHHJ1NHowv39lhyxzlPxUTZk7pZ3qO7CfrfJ8ZSKw==",
      "bin": {
        "nodexh": "bin/nodexh"
      }
    },
    "node_modules/intertype": {
      "version": "7.6.7",
      "resolved": "https://registry.npmjs.org/intertype/-/intertype-7.6.7.tgz",
      "integrity": "sha512-vBgYabqxX3fLa9f0Z3QeXgYszadAGdAHXdLcdQc5ZxZSG5CmbJCdYcudZLYtgmNo8epQag8zzyg7wwx+OD5J8g==",
      "dependencies": {
        "multimix": "^5.0.0"
      }
    },
    "node_modules/interval-skip-list": {
      "version": "2.0.1",
      "resolved": "https://registry.npmjs.org/interval-skip-list/-/interval-skip-list-2.0.1.tgz",
      "integrity": "sha1-qKqxayP4D3gGQN4VuhWcu8LjgDU=",
      "dependencies": {
        "underscore-plus": "^1.6.6"
      }
    },
    "node_modules/jsx-number-format": {
      "version": "0.1.4",
      "resolved": "https://registry.npmjs.org/jsx-number-format/-/jsx-number-format-0.1.4.tgz",
      "integrity": "sha512-uPc/Q90XqZoRE7Cu1OLFQB2cSrA2Dy8+okzPOtML8vbagNFDSipbndIPme+q0odBjEhL+wf3WH3Wo52was4Tsg=="
    },
    "node_modules/multimix": {
      "version": "5.0.0",
      "resolved": "https://registry.npmjs.org/multimix/-/multimix-5.0.0.tgz",
      "integrity": "sha512-N9cdGSDDD7kxOV7R6e4iZqsHTZ4F4iiSDWqMcVqx4gEH6HBtRXav39Gj3fgT1YqvBcwPCQuf0Oa5R2cDaLWK8A=="
    },
    "node_modules/multimix006modern": {
      "version": "0.0.6",
      "resolved": "https://registry.npmjs.org/multimix006modern/-/multimix006modern-0.0.6.tgz",
      "integrity": "sha512-r7Kfb/jZtgEj8EuVnqIsHydQ0u+rNdo2zUFOTSQ/bBpUnZsJkAQj4/8t+/fXpDlzKpN1LckkghV4WsL84DQpTQ==",
      "dependencies": {
        "cnd": "9.2.1",
        "intertype": "^7.6.7"
      }
    },
    "node_modules/multimix006modern/node_modules/cnd": {
      "version": "9.2.1",
      "resolved": "https://registry.npmjs.org/cnd/-/cnd-9.2.1.tgz",
      "integrity": "sha512-JszZtSlOCxkIvNPKpw1PmIcQUjYO+pBqVoKVH2STHLtG4JHHJ1NHowv39lhyxzlPxUTZk7pZ3qO7CfrfJ8ZSKw==",
      "bin": {
        "nodexh": "bin/nodexh"
      }
    },
    "node_modules/ncr-norangereader": {
      "version": "2.1.3",
      "resolved": "https://registry.npmjs.org/ncr-norangereader/-/ncr-norangereader-2.1.3.tgz",
      "integrity": "sha512-HcFiYEKeI/kX5EJ0fzAwUVr01iSLkVAKNs+6HGastuY+11mZM/bQSwD0d+dKS82h0tUnrD8RytqvFCPo0eCCYw==",
      "dependencies": {
        "cnd": "9.2.1",
        "interskiplist": "0.3.0",
        "intertype": "^7.6.7",
        "multimix006modern": "^0.0.6"
      }
    },
    "node_modules/ncr-norangereader/node_modules/cnd": {
      "version": "9.2.1",
      "resolved": "https://registry.npmjs.org/cnd/-/cnd-9.2.1.tgz",
      "integrity": "sha512-JszZtSlOCxkIvNPKpw1PmIcQUjYO+pBqVoKVH2STHLtG4JHHJ1NHowv39lhyxzlPxUTZk7pZ3qO7CfrfJ8ZSKw==",
      "bin": {
        "nodexh": "bin/nodexh"
      }
    },
    "node_modules/nearley": {
      "version": "2.9.3",
      "resolved": "https://registry.npmjs.org/nearley/-/nearley-2.9.3.tgz",
      "integrity": "sha1-PWK8oIsu/X/fH0y1n25wgOJPsog=",
      "dependencies": {
        "nomnom": "~1.6.2",
        "railroad-diagrams": "^1.0.0",
        "randexp": "^0.4.2"
      },
      "bin": {
        "nearley-railroad": "bin/nearley-railroad.js",
        "nearley-test": "bin/nearley-test.js",
        "nearley-unparse": "bin/nearley-unparse.js",
        "nearleyc": "bin/nearleyc.js"
      }
    },
    "node_modules/nomnom": {
      "version": "1.6.2",
      "resolved": "https://registry.npmjs.org/nomnom/-/nomnom-1.6.2.tgz",
      "integrity": "sha1-hKZqJgF0QI/Ft3oY+IjszET7aXE=",
      "deprecated": "Package no longer supported. Contact support@npmjs.com for more info.",
      "dependencies": {
        "colors": "0.5.x",
        "underscore": "~1.4.4"
      }
    },
    "node_modules/nomnom/node_modules/underscore": {
      "version": "1.4.4",
      "resolved": "https://registry.npmjs.org/underscore/-/underscore-1.4.4.tgz",
      "integrity": "sha1-YaajIBBiKvoHljvzJSA88SI51gQ="
    },
    "node_modules/railroad-diagrams": {
      "version": "1.0.0",
      "resolved": "https://registry.npmjs.org/railroad-diagrams/-/railroad-diagrams-1.0.0.tgz",
      "integrity": "sha1-635iZ1SN3t+4mcG5Dlc3RVnN234="
    },
    "node_modules/randexp": {
      "version": "0.4.5",
      "resolved": "https://registry.npmjs.org/randexp/-/randexp-0.4.5.tgz",
      "integrity": "sha1-/+OoDD9mbNceawCOR35YTBoy/z4=",
      "dependencies": {
        "discontinuous-range": "1.0.0",
        "ret": "~0.1.10"
      },
      "engines": {
        "node": ">=0.12"
      }
    },
    "node_modules/ret": {
      "version": "0.1.14",
      "resolved": "https://registry.npmjs.org/ret/-/ret-0.1.14.tgz",
      "integrity": "sha1-WMY2g3sS4WH4o4DPCBxqIw/RZk4=",
      "engines": {
        "node": ">=0.12"
      }
    },
    "node_modules/underscore": {
      "version": "1.13.1",
      "resolved": "https://registry.npmjs.org/underscore/-/underscore-1.13.1.tgz",
      "integrity": "sha512-hzSoAVtJF+3ZtiFX0VgfFPHEDRm7Y/QPjGyNo4TVdnDTdft3tr8hEkD25a1jC+TjTuE7tkHGKkhwCgs9dgBB2g=="
    },
    "node_modules/underscore-plus": {
      "version": "1.7.0",
      "resolved": "https://registry.npmjs.org/underscore-plus/-/underscore-plus-1.7.0.tgz",
      "integrity": "sha512-A3BEzkeicFLnr+U/Q3EyWwJAQPbA19mtZZ4h+lLq3ttm9kn8WC4R3YpuJZEXmWdLjYP47Zc8aLZm9kwdv+zzvA==",
      "dependencies": {
        "underscore": "^1.9.1"
      }
    }
  },
  "dependencies": {
    "cnd": {
      "version": "9.2.2",
      "resolved": "https://registry.npmjs.org/cnd/-/cnd-9.2.2.tgz",
      "integrity": "sha512-F+/H+7luk4fZkvN0+MT0I2nwn80YM/EtfMttNUFxENR50XJH4g0KgQevzeyEJ8B6t6l8Tb4Xti6QAksa8DmePA==",
      "requires": {
        "jsx-number-format": "^0.1.4"
      }
    },
    "colors": {
      "version": "0.5.1",
      "resolved": "https://registry.npmjs.org/colors/-/colors-0.5.1.tgz",
      "integrity": "sha1-fQAj6usVTo7p/Oddy5I9DtFmd3Q="
    },
    "discontinuous-range": {
      "version": "1.0.0",
      "resolved": "https://registry.npmjs.org/discontinuous-range/-/discontinuous-range-1.0.0.tgz",
      "integrity": "sha1-44Mx8IRLukm5qctxx3FYWqsbxlo="
    },
    "interskiplist": {
      "version": "0.3.0",
      "resolved": "https://registry.npmjs.org/interskiplist/-/interskiplist-0.3.0.tgz",
      "integrity": "sha512-wbJT06yDygPP1b8QcMeQeTcu4RJAvusz2TpN6CaSnVMwifUqexOp6FuCdYKw/v2gvT/jpOYeoyfNB5umLiQKeA==",
      "requires": {
        "cnd": "9.2.1",
        "intertype": "^7.6.7",
        "interval-skip-list": "^2.0.1",
        "multimix006modern": "^0.0.6"
      },
      "dependencies": {
        "cnd": {
          "version": "9.2.1",
          "resolved": "https://registry.npmjs.org/cnd/-/cnd-9.2.1.tgz",
          "integrity": "sha512-JszZtSlOCxkIvNPKpw1PmIcQUjYO+pBqVoKVH2STHLtG4JHHJ1NHowv39lhyxzlPxUTZk7pZ3qO7CfrfJ8ZSKw=="
        }
      }
    },
    "intertype": {
      "version": "7.6.7",
      "resolved": "https://registry.npmjs.org/intertype/-/intertype-7.6.7.tgz",
      "integrity": "sha512-vBgYabqxX3fLa9f0Z3QeXgYszadAGdAHXdLcdQc5ZxZSG5CmbJCdYcudZLYtgmNo8epQag8zzyg7wwx+OD5J8g==",
      "requires": {
        "multimix": "^5.0.0"
      }
    },
    "interval-skip-list": {
      "version": "2.0.1",
      "resolved": "https://registry.npmjs.org/interval-skip-list/-/interval-skip-list-2.0.1.tgz",
      "integrity": "sha1-qKqxayP4D3gGQN4VuhWcu8LjgDU=",
      "requires": {
        "underscore-plus": "^1.6.6"
      }
    },
    "jsx-number-format": {
      "version": "0.1.4",
      "resolved": "https://registry.npmjs.org/jsx-number-format/-/jsx-number-format-0.1.4.tgz",
      "integrity": "sha512-uPc/Q90XqZoRE7Cu1OLFQB2cSrA2Dy8+okzPOtML8vbagNFDSipbndIPme+q0odBjEhL+wf3WH3Wo52was4Tsg=="
    },
    "multimix": {
      "version": "5.0.0",
      "resolved": "https://registry.npmjs.org/multimix/-/multimix-5.0.0.tgz",
      "integrity": "sha512-N9cdGSDDD7kxOV7R6e4iZqsHTZ4F4iiSDWqMcVqx4gEH6HBtRXav39Gj3fgT1YqvBcwPCQuf0Oa5R2cDaLWK8A=="
    },
    "multimix006modern": {
      "version": "0.0.6",
      "resolved": "https://registry.npmjs.org/multimix006modern/-/multimix006modern-0.0.6.tgz",
      "integrity": "sha512-r7Kfb/jZtgEj8EuVnqIsHydQ0u+rNdo2zUFOTSQ/bBpUnZsJkAQj4/8t+/fXpDlzKpN1LckkghV4WsL84DQpTQ==",
      "requires": {
        "cnd": "9.2.1",
        "intertype": "^7.6.7"
      },
      "dependencies": {
        "cnd": {
          "version": "9.2.1",
          "resolved": "https://registry.npmjs.org/cnd/-/cnd-9.2.1.tgz",
          "integrity": "sha512-JszZtSlOCxkIvNPKpw1PmIcQUjYO+pBqVoKVH2STHLtG4JHHJ1NHowv39lhyxzlPxUTZk7pZ3qO7CfrfJ8ZSKw=="
        }
      }
    },
    "ncr-norangereader": {
      "version": "2.1.3",
      "resolved": "https://registry.npmjs.org/ncr-norangereader/-/ncr-norangereader-2.1.3.tgz",
      "integrity": "sha512-HcFiYEKeI/kX5EJ0fzAwUVr01iSLkVAKNs+6HGastuY+11mZM/bQSwD0d+dKS82h0tUnrD8RytqvFCPo0eCCYw==",
      "requires": {
        "cnd": "9.2.1",
        "interskiplist": "0.3.0",
        "intertype": "^7.6.7",
        "multimix006modern": "^0.0.6"
      },
      "dependencies": {
        "cnd": {
          "version": "9.2.1",
          "resolved": "https://registry.npmjs.org/cnd/-/cnd-9.2.1.tgz",
          "integrity": "sha512-JszZtSlOCxkIvNPKpw1PmIcQUjYO+pBqVoKVH2STHLtG4JHHJ1NHowv39lhyxzlPxUTZk7pZ3qO7CfrfJ8ZSKw=="
        }
      }
    },
    "nearley": {
      "version": "2.9.3",
      "resolved": "https://registry.npmjs.org/nearley/-/nearley-2.9.3.tgz",
      "integrity": "sha1-PWK8oIsu/X/fH0y1n25wgOJPsog=",
      "requires": {
        "nomnom": "~1.6.2",
        "railroad-diagrams": "^1.0.0",
        "randexp": "^0.4.2"
      }
    },
    "nomnom": {
      "version": "1.6.2",
      "resolved": "https://registry.npmjs.org/nomnom/-/nomnom-1.6.2.tgz",
      "integrity": "sha1-hKZqJgF0QI/Ft3oY+IjszET7aXE=",
      "requires": {
        "colors": "0.5.x",
        "underscore": "~1.4.4"
      },
      "dependencies": {
        "underscore": {
          "version": "1.4.4",
          "resolved": "https://registry.npmjs.org/underscore/-/underscore-1.4.4.tgz",
          "integrity": "sha1-YaajIBBiKvoHljvzJSA88SI51gQ="
        }
      }
    },
    "railroad-diagrams": {
      "version": "1.0.0",
      "resolved": "https://registry.npmjs.org/railroad-diagrams/-/railroad-diagrams-1.0.0.tgz",
      "integrity": "sha1-635iZ1SN3t+4mcG5Dlc3RVnN234="
    },
    "randexp": {
      "version": "0.4.5",
      "resolved": "https://registry.npmjs.org/randexp/-/randexp-0.4.5.tgz",
      "integrity": "sha1-/+OoDD9mbNceawCOR35YTBoy/z4=",
      "requires": {
        "discontinuous-range": "1.0.0",
        "ret": "~0.1.10"
      }
    },
    "ret": {
      "version": "0.1.14",
      "resolved": "https://registry.npmjs.org/ret/-/ret-0.1.14.tgz",
      "integrity": "sha1-WMY2g3sS4WH4o4DPCBxqIw/RZk4="
    },
    "underscore": {
      "version": "1.13.1",
      "resolved": "https://registry.npmjs.org/underscore/-/underscore-1.13.1.tgz",
      "integrity": "sha512-hzSoAVtJF+3ZtiFX0VgfFPHEDRm7Y/QPjGyNo4TVdnDTdft3tr8hEkD25a1jC+TjTuE7tkHGKkhwCgs9dgBB2g=="
    },
    "underscore-plus": {
      "version": "1.7.0",
      "resolved": "https://registry.npmjs.org/underscore-plus/-/underscore-plus-1.7.0.tgz",
      "integrity": "sha512-A3BEzkeicFLnr+U/Q3EyWwJAQPbA19mtZZ4h+lLq3ttm9kn8WC4R3YpuJZEXmWdLjYP47Zc8aLZm9kwdv+zzvA==",
      "requires": {
        "underscore": "^1.9.1"
      }
    }
  }
}
