{
  "name": "mojikura-idl",
  "version": "2.1.2",
  "lockfileVersion": 2,
  "requires": true,
  "packages": {
    "": {
      "version": "2.1.2",
      "license": "MIT",
      "dependencies": {
        "cnd": "^9.2.2",
        "intertype": "^7.6.7",
        "ncr": "2.1.0",
        "nearley": "^2.9.3"
      }
    },
    "node_modules/after-all-results": {
      "version": "2.0.0",
      "resolved": "https://registry.npmjs.org/after-all-results/-/after-all-results-2.0.0.tgz",
      "integrity": "sha1-asL8ICtQD4jaj09VMM+hAPTGotA="
    },
    "node_modules/ansi-styles": {
      "version": "1.1.0",
      "resolved": "https://registry.npmjs.org/ansi-styles/-/ansi-styles-1.1.0.tgz",
      "integrity": "sha1-6uy/Zs1waIJ2Cy9GkVgrj1XXp94=",
      "optional": true,
      "engines": {
        "node": ">=0.10.0"
      }
    },
    "node_modules/async-cache": {
      "version": "1.1.0",
      "resolved": "https://registry.npmjs.org/async-cache/-/async-cache-1.1.0.tgz",
      "integrity": "sha1-SppaidBl7F2OUlS9nulrp2xTK1o=",
      "dependencies": {
        "lru-cache": "^4.0.0"
      }
    },
    "node_modules/cnd": {
      "version": "9.2.2",
      "resolved": "https://registry.npmjs.org/cnd/-/cnd-9.2.2.tgz",
      "integrity": "sha512-F+/H+7luk4fZkvN0+MT0I2nwn80YM/EtfMttNUFxENR50XJH4g0KgQevzeyEJ8B6t6l8Tb4Xti6QAksa8DmePA==",
      "dependencies": {
        "jsx-number-format": "^0.1.4"
      },
      "bin": {
        "nodexh": "bin/nodexh"
      }
    },
    "node_modules/colors": {
      "version": "0.5.1",
      "resolved": "https://registry.npmjs.org/colors/-/colors-0.5.1.tgz",
      "integrity": "sha1-fQAj6usVTo7p/Oddy5I9DtFmd3Q=",
      "engines": {
        "node": ">=0.1.90"
      }
    },
    "node_modules/data-uri-to-buffer": {
      "version": "2.0.2",
      "resolved": "https://registry.npmjs.org/data-uri-to-buffer/-/data-uri-to-buffer-2.0.2.tgz",
      "integrity": "sha512-ND9qDTLc6diwj+Xe5cdAgVTbLVdXbtxTJRXRhli8Mowuaan+0EJOtdqJ0QCHNSSPyoXGx9HX2/VMnKeC34AChA=="
    },
    "node_modules/discontinuous-range": {
      "version": "1.0.0",
      "resolved": "https://registry.npmjs.org/discontinuous-range/-/discontinuous-range-1.0.0.tgz",
      "integrity": "sha1-44Mx8IRLukm5qctxx3FYWqsbxlo="
    },
    "node_modules/emittery": {
      "version": "0.6.0",
      "resolved": "https://registry.npmjs.org/emittery/-/emittery-0.6.0.tgz",
      "integrity": "sha512-6EMRGr9KzYWp8DzHFZsKVZBsMO6QhAeHMeHND8rhyBNCHKMLpgW9tZv40bwN3rAIKRS5CxcK8oLRKUJSB9h7yQ==",
      "engines": {
        "node": ">=10"
      },
      "funding": {
        "url": "https://github.com/sindresorhus/emittery?sponsor=1"
      }
    },
    "node_modules/error-callsites": {
      "version": "2.0.4",
      "resolved": "https://registry.npmjs.org/error-callsites/-/error-callsites-2.0.4.tgz",
      "integrity": "sha512-V877Ch4FC4FN178fDK1fsrHN4I1YQIBdtjKrHh3BUHMnh3SMvwUVrqkaOgDpUuevgSNna0RBq6Ox9SGlxYrigA==",
      "engines": {
        "node": ">=6.x"
      }
    },
    "node_modules/get-source": {
      "version": "1.0.42",
      "resolved": "https://registry.npmjs.org/get-source/-/get-source-1.0.42.tgz",
      "integrity": "sha512-uM5xCIG5w2meVbiZaID4ajH6J8OfApqhlKXtZwsS/IIM9PLb0b2kc5sRdy78yEDfxsIYEWNk0OVxai6OpDCExA==",
      "dependencies": {
        "data-uri-to-buffer": "^2.0.0",
        "source-map": "^0.6.1"
      }
    },
    "node_modules/get-source/node_modules/source-map": {
      "version": "0.6.1",
      "resolved": "https://registry.npmjs.org/source-map/-/source-map-0.6.1.tgz",
      "integrity": "sha512-UjgapumWlbMhkBgzT7Ykc5YXUT46F0iKu8SGXq0bcwP5dz/h0Plj6enJqjz1Zbq2l5WaqYnrVbwWOWMyF3F47g==",
      "engines": {
        "node": ">=0.10.0"
      }
    },
    "node_modules/hookit": {
      "version": "1.1.3",
      "resolved": "https://registry.npmjs.org/hookit/-/hookit-1.1.3.tgz",
      "integrity": "sha1-YnvRuQvE7sHTe2OiCCzv9Rgb+xk="
    },
    "node_modules/in-publish": {
      "version": "2.0.1",
      "resolved": "https://registry.npmjs.org/in-publish/-/in-publish-2.0.1.tgz",
      "integrity": "sha512-oDM0kUSNFC31ShNxHKUyfZKy8ZeXZBWMjMdZHKLOk13uvT27VTL/QzRGfRUcevJhpkZAvlhPYuXkF7eNWrtyxQ==",
      "bin": {
        "in-install": "in-install.js",
        "in-publish": "in-publish.js",
        "not-in-install": "not-in-install.js",
        "not-in-publish": "not-in-publish.js"
      }
    },
    "node_modules/interskiplist": {
      "version": "0.3.0",
      "resolved": "https://registry.npmjs.org/interskiplist/-/interskiplist-0.3.0.tgz",
      "integrity": "sha512-wbJT06yDygPP1b8QcMeQeTcu4RJAvusz2TpN6CaSnVMwifUqexOp6FuCdYKw/v2gvT/jpOYeoyfNB5umLiQKeA==",
      "dependencies": {
        "cnd": "9.2.1",
        "intertype": "^7.6.7",
        "interval-skip-list": "^2.0.1",
        "multimix006modern": "^0.0.6"
      }
    },
    "node_modules/interskiplist/node_modules/cnd": {
      "version": "9.2.1",
      "resolved": "https://registry.npmjs.org/cnd/-/cnd-9.2.1.tgz",
      "integrity": "sha512-JszZtSlOCxkIvNPKpw1PmIcQUjYO+pBqVoKVH2STHLtG4JHHJ1NHowv39lhyxzlPxUTZk7pZ3qO7CfrfJ8ZSKw==",
      "bin": {
        "nodexh": "bin/nodexh"
      }
    },
    "node_modules/intertype": {
      "version": "7.6.7",
      "resolved": "https://registry.npmjs.org/intertype/-/intertype-7.6.7.tgz",
      "integrity": "sha512-vBgYabqxX3fLa9f0Z3QeXgYszadAGdAHXdLcdQc5ZxZSG5CmbJCdYcudZLYtgmNo8epQag8zzyg7wwx+OD5J8g==",
      "dependencies": {
        "multimix": "^5.0.0"
      }
    },
    "node_modules/interval-skip-list": {
      "version": "2.0.1",
      "resolved": "https://registry.npmjs.org/interval-skip-list/-/interval-skip-list-2.0.1.tgz",
      "integrity": "sha1-qKqxayP4D3gGQN4VuhWcu8LjgDU=",
      "dependencies": {
        "underscore-plus": "^1.6.6"
      }
    },
    "node_modules/jsx-number-format": {
      "version": "0.1.4",
      "resolved": "https://registry.npmjs.org/jsx-number-format/-/jsx-number-format-0.1.4.tgz",
      "integrity": "sha512-uPc/Q90XqZoRE7Cu1OLFQB2cSrA2Dy8+okzPOtML8vbagNFDSipbndIPme+q0odBjEhL+wf3WH3Wo52was4Tsg=="
    },
    "node_modules/letsfreezethat": {
      "version": "2.2.5",
      "resolved": "https://registry.npmjs.org/letsfreezethat/-/letsfreezethat-2.2.5.tgz",
      "integrity": "sha512-w4XD73ki7rClXBft9OmvngG6abnE71h0BTMNCCXdmDGI3zYNIZYjG6/fOhRjz1crWc5ic/XGKdl6KkusftiKpA=="
    },
    "node_modules/load-source-map": {
      "version": "1.0.0",
      "resolved": "https://registry.npmjs.org/load-source-map/-/load-source-map-1.0.0.tgz",
      "integrity": "sha1-MY9JkFzopwnft8w/FvPv47zx3QU=",
      "dependencies": {
        "in-publish": "^2.0.0",
        "semver": "^5.3.0",
        "source-map": "^0.5.6"
      }
    },
    "node_modules/lodash.flattendeep": {
      "version": "4.4.0",
      "resolved": "https://registry.npmjs.org/lodash.flattendeep/-/lodash.flattendeep-4.4.0.tgz",
      "integrity": "sha1-+wMJF/hqMTTlvJvsDWngAT3f7bI="
    },
    "node_modules/looper": {
      "version": "4.0.0",
      "resolved": "https://registry.npmjs.org/looper/-/looper-4.0.0.tgz",
      "integrity": "sha1-dwat7VmpntygbmtUu4bI7BnJUVU="
    },
    "node_modules/lru-cache": {
      "version": "4.0.2",
      "resolved": "https://registry.npmjs.org/lru-cache/-/lru-cache-4.0.2.tgz",
      "integrity": "sha1-HRdnnAac2l0ECZGgnbwsDbN35V4=",
      "dependencies": {
        "pseudomap": "^1.0.1",
        "yallist": "^2.0.0"
      }
    },
    "node_modules/mkdirp": {
      "version": "1.0.4",
      "resolved": "https://registry.npmjs.org/mkdirp/-/mkdirp-1.0.4.tgz",
      "integrity": "sha512-vVqVZQyf3WLx2Shd0qJ9xuvqgAyKPLAiqITEtqW0oIUjzo3PePDd6fW9iFz30ef7Ysp/oiWqbhszeGWW2T6Gzw==",
      "bin": {
        "mkdirp": "bin/cmd.js"
      },
      "engines": {
        "node": ">=10"
      }
    },
    "node_modules/multimix": {
      "version": "5.0.0",
      "resolved": "https://registry.npmjs.org/multimix/-/multimix-5.0.0.tgz",
      "integrity": "sha512-N9cdGSDDD7kxOV7R6e4iZqsHTZ4F4iiSDWqMcVqx4gEH6HBtRXav39Gj3fgT1YqvBcwPCQuf0Oa5R2cDaLWK8A=="
    },
    "node_modules/multimix006modern": {
      "version": "0.0.6",
      "resolved": "https://registry.npmjs.org/multimix006modern/-/multimix006modern-0.0.6.tgz",
      "integrity": "sha512-r7Kfb/jZtgEj8EuVnqIsHydQ0u+rNdo2zUFOTSQ/bBpUnZsJkAQj4/8t+/fXpDlzKpN1LckkghV4WsL84DQpTQ==",
      "dependencies": {
        "cnd": "9.2.1",
        "intertype": "^7.6.7"
      }
    },
    "node_modules/multimix006modern/node_modules/cnd": {
      "version": "9.2.1",
      "resolved": "https://registry.npmjs.org/cnd/-/cnd-9.2.1.tgz",
      "integrity": "sha512-JszZtSlOCxkIvNPKpw1PmIcQUjYO+pBqVoKVH2STHLtG4JHHJ1NHowv39lhyxzlPxUTZk7pZ3qO7CfrfJ8ZSKw==",
      "bin": {
        "nodexh": "bin/nodexh"
      }
    },
    "node_modules/ncr": {
      "version": "2.1.0",
      "resolved": "https://registry.npmjs.org/ncr/-/ncr-2.1.0.tgz",
      "integrity": "sha512-JLpUAsKmEk0vj8587ujNgzrivQXQf7r6vIlBG+yfoASJVyioKMXPn+iC5LCfawa1P0mp8qDY280EeLCM3CdWZg==",
      "dependencies": {
        "cnd": "9.2.1",
        "interskiplist": "0.3.0",
        "intertype": "^7.6.7",
        "multimix006modern": "^0.0.6",
        "pipedreams": "12.1.1"
      }
    },
    "node_modules/ncr/node_modules/cnd": {
      "version": "9.2.1",
      "resolved": "https://registry.npmjs.org/cnd/-/cnd-9.2.1.tgz",
      "integrity": "sha512-JszZtSlOCxkIvNPKpw1PmIcQUjYO+pBqVoKVH2STHLtG4JHHJ1NHowv39lhyxzlPxUTZk7pZ3qO7CfrfJ8ZSKw==",
      "bin": {
        "nodexh": "bin/nodexh"
      }
    },
    "node_modules/nearley": {
      "version": "2.9.3",
      "resolved": "https://registry.npmjs.org/nearley/-/nearley-2.9.3.tgz",
      "integrity": "sha1-PWK8oIsu/X/fH0y1n25wgOJPsog=",
      "dependencies": {
        "nomnom": "~1.6.2",
        "railroad-diagrams": "^1.0.0",
        "randexp": "^0.4.2"
      },
      "bin": {
        "nearley-railroad": "bin/nearley-railroad.js",
        "nearley-test": "bin/nearley-test.js",
        "nearley-unparse": "bin/nearley-unparse.js",
        "nearleyc": "bin/nearleyc.js"
      }
    },
    "node_modules/nomnom": {
      "version": "1.6.2",
      "resolved": "https://registry.npmjs.org/nomnom/-/nomnom-1.6.2.tgz",
      "integrity": "sha1-hKZqJgF0QI/Ft3oY+IjszET7aXE=",
      "deprecated": "Package no longer supported. Contact support@npmjs.com for more info.",
      "dependencies": {
        "colors": "0.5.x",
        "underscore": "~1.4.4"
      }
    },
    "node_modules/nomnom/node_modules/underscore": {
      "version": "1.4.4",
      "resolved": "https://registry.npmjs.org/underscore/-/underscore-1.4.4.tgz",
      "integrity": "sha1-YaajIBBiKvoHljvzJSA88SI51gQ="
    },
    "node_modules/pipedreams": {
      "version": "12.1.1",
      "resolved": "https://registry.npmjs.org/pipedreams/-/pipedreams-12.1.1.tgz",
      "integrity": "sha512-jNSPPiBab1Fr6ozif0111WcZwvhcYS/UYyKMZix8uQCzMs2cMqcJtKFwcrHIwnVXEK0NAg8QWjLFmWAEplRgLA==",
      "dependencies": {
        "cnd": "^5.3.2",
        "emittery": "^0.6.0",
        "intertype": "^3.4.1",
        "letsfreezethat": "^2.2.5",
        "multimix": "^2.2.1",
        "pipestreams": "^8.0.1"
      }
    },
    "node_modules/pipedreams/node_modules/cnd": {
      "version": "5.3.2",
      "resolved": "https://registry.npmjs.org/cnd/-/cnd-5.3.2.tgz",
      "integrity": "sha512-HZmL11eDy/oreoKTxes07DSPjd9Cjr4qZVEdRu8lK+dxIts2cqUkyde39Ve7PyMh8nWNtSzmvIZ4WHWng1PFow==",
      "dependencies": {
        "mkdirp": "^1.0.4",
        "stackman": "^4.0.1",
        "trycatch": "^1.5.21"
      },
      "bin": {
        "nodexh": "bin/nodexh"
      }
    },
    "node_modules/pipedreams/node_modules/intertype": {
      "version": "3.4.1",
      "resolved": "https://registry.npmjs.org/intertype/-/intertype-3.4.1.tgz",
      "integrity": "sha512-iygBhO6W8EoxMLu8u/oWdqS5fjppBRXjdhsI0z7UCSiBcwNW9SDQGxWlOlcUWCXGrACqtGBEVrUcDibMMxuC/A==",
      "dependencies": {
        "cnd": "^5.3.2",
        "multimix": "^2.2.1"
      }
    },
    "node_modules/pipedreams/node_modules/multimix": {
      "version": "2.2.1",
      "resolved": "https://registry.npmjs.org/multimix/-/multimix-2.2.1.tgz",
      "integrity": "sha512-VYYI4UT9RZmhlFApQiay5JPto/VB4nXYb+LR1xGfwIiPIQEJFMDe84HBnes939N2BNxwY5mgszAzOOcLMYndEg==",
      "dependencies": {
        "cnd": "^5.3.1",
        "intertype": "^3.4.0"
      }
    },
    "node_modules/pipestreams": {
      "version": "8.0.1",
      "resolved": "https://registry.npmjs.org/pipestreams/-/pipestreams-8.0.1.tgz",
      "integrity": "sha512-YpjNwgF5VOhbtXeDarudvDGj1ydDO1h3A6W6Dfn2yJkW+IhNvC+H7zYArTh9Ja6pZLNnB2olDEQlzqxGKCCVGQ==",
      "dependencies": {
        "cnd": "^5.3.2",
        "get-source": "^1.0.42",
        "intertype": "^3.4.1",
        "lodash.flattendeep": "^4.4.0",
        "multimix": "^2.2.1",
        "pull-cont": "^0.1.1",
        "pull-map-last": "^1.0.0",
        "pull-merge": "^1.0.4",
        "pull-mux": "^0.1.3",
        "pull-pair": "^1.1.0",
        "pull-paramap": "^1.2.2",
        "pull-pause": "0.0.2",
        "pull-pushable": "^2.2.0",
        "pull-split": "^0.2.1",
        "pull-stream": "^3.6.14",
        "pull-stream-to-stream": "^2.0.0",
        "pull-tee": "^2.0.1",
        "pull-utf8-decoder": "^1.0.2",
        "stack-trace": "0.0.10",
        "stream-to-pull-stream": "^1.7.3",
        "timsort": "^0.3.0"
      }
    },
    "node_modules/pipestreams/node_modules/cnd": {
      "version": "5.3.2",
      "resolved": "https://registry.npmjs.org/cnd/-/cnd-5.3.2.tgz",
      "integrity": "sha512-HZmL11eDy/oreoKTxes07DSPjd9Cjr4qZVEdRu8lK+dxIts2cqUkyde39Ve7PyMh8nWNtSzmvIZ4WHWng1PFow==",
      "dependencies": {
        "mkdirp": "^1.0.4",
        "stackman": "^4.0.1",
        "trycatch": "^1.5.21"
      },
      "bin": {
        "nodexh": "bin/nodexh"
      }
    },
    "node_modules/pipestreams/node_modules/intertype": {
      "version": "3.4.1",
      "resolved": "https://registry.npmjs.org/intertype/-/intertype-3.4.1.tgz",
      "integrity": "sha512-iygBhO6W8EoxMLu8u/oWdqS5fjppBRXjdhsI0z7UCSiBcwNW9SDQGxWlOlcUWCXGrACqtGBEVrUcDibMMxuC/A==",
      "dependencies": {
        "cnd": "^5.3.2",
        "multimix": "^2.2.1"
      }
    },
    "node_modules/pipestreams/node_modules/multimix": {
      "version": "2.2.1",
      "resolved": "https://registry.npmjs.org/multimix/-/multimix-2.2.1.tgz",
      "integrity": "sha512-VYYI4UT9RZmhlFApQiay5JPto/VB4nXYb+LR1xGfwIiPIQEJFMDe84HBnes939N2BNxwY5mgszAzOOcLMYndEg==",
      "dependencies": {
        "cnd": "^5.3.1",
        "intertype": "^3.4.0"
      }
    },
    "node_modules/pseudomap": {
      "version": "1.0.2",
      "resolved": "https://registry.npmjs.org/pseudomap/-/pseudomap-1.0.2.tgz",
      "integrity": "sha1-8FKijacOYYkX7wqKw0wa5aaChrM="
    },
    "node_modules/pull-cont": {
      "version": "0.1.1",
      "resolved": "https://registry.npmjs.org/pull-cont/-/pull-cont-0.1.1.tgz",
      "integrity": "sha1-3x1YDicXV7qay666IN4kIdZg1hg="
    },
    "node_modules/pull-many": {
      "version": "1.0.9",
      "resolved": "https://registry.npmjs.org/pull-many/-/pull-many-1.0.9.tgz",
      "integrity": "sha512-+jUydDVlj/HsvtDqxWMSsiRq3B0HVo7RhBV4C0p2nZRS3mFTUEu9SPEBN+B5PMaW8KTnblYhTIaKg7oXgGnj4Q==",
      "dependencies": {
        "pull-stream": "^3.4.5"
      }
    },
    "node_modules/pull-map-last": {
      "version": "1.0.0",
      "resolved": "https://registry.npmjs.org/pull-map-last/-/pull-map-last-1.0.0.tgz",
      "integrity": "sha1-CdPZ/gBP4tnhjWl+z/x6JyWZRq8="
    },
    "node_modules/pull-merge": {
      "version": "1.0.4",
      "resolved": "https://registry.npmjs.org/pull-merge/-/pull-merge-1.0.4.tgz",
      "integrity": "sha512-pz72yzy7nK4YVKV8+njxC5GrnATJ4OwFEviiuXx/K/W2+G2mDddkomv2g0j4Zf4eT+LhsBuVpOAjZU1E9BPqCw=="
    },
    "node_modules/pull-mux": {
      "version": "0.1.3",
      "resolved": "https://registry.npmjs.org/pull-mux/-/pull-mux-0.1.3.tgz",
      "integrity": "sha1-qlKIYmvxAZpuP5aJDqLVXLs7WiU=",
      "dependencies": {
        "pull-many": "^1.0.8",
        "pull-pair": "^1.1.0",
        "pull-stream": "^3.5.0",
        "pull-tee": "https://github.com/pull-stream/pull-tee/tarball/master"
      }
    },
    "node_modules/pull-pair": {
      "version": "1.1.0",
      "resolved": "https://registry.npmjs.org/pull-pair/-/pull-pair-1.1.0.tgz",
      "integrity": "sha1-fuQnJj/fTaglOXrAoF4atLdL120="
    },
    "node_modules/pull-paramap": {
      "version": "1.2.2",
      "resolved": "https://registry.npmjs.org/pull-paramap/-/pull-paramap-1.2.2.tgz",
      "integrity": "sha1-UaQZPOnI1yFdla2tReK824STsjo=",
      "dependencies": {
        "looper": "^4.0.0"
      }
    },
    "node_modules/pull-pause": {
      "version": "0.0.2",
      "resolved": "https://registry.npmjs.org/pull-pause/-/pull-pause-0.0.2.tgz",
      "integrity": "sha1-GdRb6PqmFfpVbxSpb9czRiw3+6M="
    },
    "node_modules/pull-pushable": {
      "version": "2.2.0",
      "resolved": "https://registry.npmjs.org/pull-pushable/-/pull-pushable-2.2.0.tgz",
      "integrity": "sha1-Xy867UethpGfAbEqLpnW8b13ZYE="
    },
    "node_modules/pull-split": {
      "version": "0.2.1",
      "resolved": "https://registry.npmjs.org/pull-split/-/pull-split-0.2.1.tgz",
      "integrity": "sha512-lloBKx+ijuRNvxvhM/SMJQ0r9/0WBGcpCPv8I6MZuYl4D1heUF/eYQObnqVehhtTMYuMwboK7RdhMa4Wg3YB7w==",
      "dependencies": {
        "pull-through": "~1.0.6"
      }
    },
    "node_modules/pull-stream": {
      "version": "3.6.14",
      "resolved": "https://registry.npmjs.org/pull-stream/-/pull-stream-3.6.14.tgz",
      "integrity": "sha512-KIqdvpqHHaTUA2mCYcLG1ibEbu/LCKoJZsBWyv9lSYtPkJPBq8m3Hxa103xHi6D2thj5YXa0TqK3L3GUkwgnew=="
    },
    "node_modules/pull-stream-to-stream": {
      "version": "2.0.0",
      "resolved": "https://registry.npmjs.org/pull-stream-to-stream/-/pull-stream-to-stream-2.0.0.tgz",
      "integrity": "sha512-lhgwUn2hQalava39zAzrRhjvVOpR99mfx5tCYRMD8Is85kBvXhQ39zIonVA+2TzdOFjmTQYbPWbEH0HAG+0t0Q=="
    },
    "node_modules/pull-tee": {
      "version": "2.0.1",
      "resolved": "https://github.com/pull-stream/pull-tee/tarball/master",
      "integrity": "sha512-Nw01X7fNikCaZbY65xJfrfbMH+iuBIsCt6oOwS5Rf5Lt6TlIaU8OiiXbVr/znIxsqhVIIs87cJa9RvvuhrF20Q==",
      "license": "MIT"
    },
    "node_modules/pull-through": {
      "version": "1.0.18",
      "resolved": "https://registry.npmjs.org/pull-through/-/pull-through-1.0.18.tgz",
      "integrity": "sha1-jdYjFCY+Wc9Qlur7sSeitu8xBzU=",
      "dependencies": {
        "looper": "~3.0.0"
      }
    },
    "node_modules/pull-through/node_modules/looper": {
      "version": "3.0.0",
      "resolved": "https://registry.npmjs.org/looper/-/looper-3.0.0.tgz",
      "integrity": "sha1-LvpUw7HLq6m5Su4uWRSwvlf7t0k="
    },
    "node_modules/pull-utf8-decoder": {
      "version": "1.0.2",
      "resolved": "https://registry.npmjs.org/pull-utf8-decoder/-/pull-utf8-decoder-1.0.2.tgz",
      "integrity": "sha1-p6+iOE0eZBWl1gIFQSbMjeO8vOc="
    },
    "node_modules/railroad-diagrams": {
      "version": "1.0.0",
      "resolved": "https://registry.npmjs.org/railroad-diagrams/-/railroad-diagrams-1.0.0.tgz",
      "integrity": "sha1-635iZ1SN3t+4mcG5Dlc3RVnN234="
    },
    "node_modules/randexp": {
      "version": "0.4.5",
      "resolved": "https://registry.npmjs.org/randexp/-/randexp-0.4.5.tgz",
      "integrity": "sha1-/+OoDD9mbNceawCOR35YTBoy/z4=",
      "dependencies": {
        "discontinuous-range": "1.0.0",
        "ret": "~0.1.10"
      },
      "engines": {
        "node": ">=0.12"
      }
    },
    "node_modules/ret": {
      "version": "0.1.14",
      "resolved": "https://registry.npmjs.org/ret/-/ret-0.1.14.tgz",
      "integrity": "sha1-WMY2g3sS4WH4o4DPCBxqIw/RZk4=",
      "engines": {
        "node": ">=0.12"
      }
    },
    "node_modules/semver": {
      "version": "5.7.1",
      "resolved": "https://registry.npmjs.org/semver/-/semver-5.7.1.tgz",
      "integrity": "sha512-sauaDf/PZdVgrLTNYHRtpXa1iRiKcaebiKQ1BJdpQlWH2lCvexQdX55snPFyK7QzpudqbCI0qXFfOasHdyNDGQ==",
      "bin": {
        "semver": "bin/semver"
      }
    },
    "node_modules/source-map": {
      "version": "0.5.6",
      "resolved": "https://registry.npmjs.org/source-map/-/source-map-0.5.6.tgz",
      "integrity": "sha1-dc449SvwczxafwwRjYEzSiu19BI=",
      "engines": {
        "node": ">=0.10.0"
      }
    },
    "node_modules/stack-trace": {
      "version": "0.0.10",
      "resolved": "https://registry.npmjs.org/stack-trace/-/stack-trace-0.0.10.tgz",
      "integrity": "sha1-VHxws0fo0ytOEI6hoqFZ5f3eGcA=",
      "engines": {
        "node": "*"
      }
    },
    "node_modules/stackman": {
      "version": "4.0.1",
      "resolved": "https://registry.npmjs.org/stackman/-/stackman-4.0.1.tgz",
      "integrity": "sha512-lntIge3BFEElgvpZT2ld5f4U+mF84fRtJ8vA3ymUVx1euVx43ZMkd09+5RWW4FmvYDFhZwPh1gvtdsdnJyF4Fg==",
      "dependencies": {
        "after-all-results": "^2.0.0",
        "async-cache": "^1.1.0",
        "debug": "^4.1.1",
        "error-callsites": "^2.0.3",
        "load-source-map": "^1.0.0"
      }
    },
    "node_modules/stackman/node_modules/debug": {
      "version": "4.3.2",
      "resolved": "https://registry.npmjs.org/debug/-/debug-4.3.2.tgz",
      "integrity": "sha512-mOp8wKcvj7XxC78zLgw/ZA+6TSgkoE2C/ienthhRD298T7UNwAg9diBpLRxC0mOezLl4B0xV7M0cCO6P/O0Xhw==",
      "dependencies": {
        "ms": "2.1.2"
      },
      "engines": {
        "node": ">=6.0"
      },
      "peerDependenciesMeta": {
        "supports-color": {
          "optional": true
        }
      }
    },
    "node_modules/stackman/node_modules/ms": {
      "version": "2.1.2",
      "resolved": "https://registry.npmjs.org/ms/-/ms-2.1.2.tgz",
      "integrity": "sha512-sGkPx+VjMtmA6MX27oA4FBFELFCZZ4S4XqeGOXCv68tT+jb3vk/RyaKWP0PTKyWtmLSM0b+adUTEvbs1PEaH2w=="
    },
    "node_modules/stream-to-pull-stream": {
      "version": "1.7.3",
      "resolved": "https://registry.npmjs.org/stream-to-pull-stream/-/stream-to-pull-stream-1.7.3.tgz",
      "integrity": "sha512-6sNyqJpr5dIOQdgNy/xcDWwDuzAsAwVzhzrWlAPAQ7Lkjx/rv0wgvxEyKwTq6FmNd5rjTrELt/CLmaSw7crMGg==",
      "dependencies": {
        "looper": "^3.0.0",
        "pull-stream": "^3.2.3"
      }
    },
    "node_modules/stream-to-pull-stream/node_modules/looper": {
      "version": "3.0.0",
      "resolved": "https://registry.npmjs.org/looper/-/looper-3.0.0.tgz",
      "integrity": "sha1-LvpUw7HLq6m5Su4uWRSwvlf7t0k="
    },
    "node_modules/timsort": {
      "version": "0.3.0",
      "resolved": "https://registry.npmjs.org/timsort/-/timsort-0.3.0.tgz",
      "integrity": "sha1-QFQRqOfmM5/mTbmiNN4R3DHgK9Q="
    },
    "node_modules/trycatch": {
      "version": "1.5.21",
      "resolved": "https://registry.npmjs.org/trycatch/-/trycatch-1.5.21.tgz",
      "integrity": "sha1-LLFdQ9T0X3Q2dweYoQvfvh1aVv4=",
      "dependencies": {
        "hookit": "^1.1.3"
      },
      "engines": {
        "node": ">=0.8.14"
      },
      "optionalDependencies": {
        "ansi-styles": "1.x.x"
      }
    },
    "node_modules/underscore": {
      "version": "1.13.1",
      "resolved": "https://registry.npmjs.org/underscore/-/underscore-1.13.1.tgz",
      "integrity": "sha512-hzSoAVtJF+3ZtiFX0VgfFPHEDRm7Y/QPjGyNo4TVdnDTdft3tr8hEkD25a1jC+TjTuE7tkHGKkhwCgs9dgBB2g=="
    },
    "node_modules/underscore-plus": {
      "version": "1.7.0",
      "resolved": "https://registry.npmjs.org/underscore-plus/-/underscore-plus-1.7.0.tgz",
      "integrity": "sha512-A3BEzkeicFLnr+U/Q3EyWwJAQPbA19mtZZ4h+lLq3ttm9kn8WC4R3YpuJZEXmWdLjYP47Zc8aLZm9kwdv+zzvA==",
      "dependencies": {
        "underscore": "^1.9.1"
      }
    },
    "node_modules/yallist": {
      "version": "2.1.2",
      "resolved": "https://registry.npmjs.org/yallist/-/yallist-2.1.2.tgz",
      "integrity": "sha1-HBH5IY8HYImkfdUS+TxmmaaoHVI="
    }
  },
  "dependencies": {
    "after-all-results": {
      "version": "2.0.0",
      "resolved": "https://registry.npmjs.org/after-all-results/-/after-all-results-2.0.0.tgz",
      "integrity": "sha1-asL8ICtQD4jaj09VMM+hAPTGotA="
    },
    "ansi-styles": {
      "version": "1.1.0",
      "resolved": "https://registry.npmjs.org/ansi-styles/-/ansi-styles-1.1.0.tgz",
      "integrity": "sha1-6uy/Zs1waIJ2Cy9GkVgrj1XXp94=",
      "optional": true
    },
    "async-cache": {
      "version": "1.1.0",
      "resolved": "https://registry.npmjs.org/async-cache/-/async-cache-1.1.0.tgz",
      "integrity": "sha1-SppaidBl7F2OUlS9nulrp2xTK1o=",
      "requires": {
        "lru-cache": "^4.0.0"
      }
    },
    "cnd": {
      "version": "9.2.2",
      "resolved": "https://registry.npmjs.org/cnd/-/cnd-9.2.2.tgz",
      "integrity": "sha512-F+/H+7luk4fZkvN0+MT0I2nwn80YM/EtfMttNUFxENR50XJH4g0KgQevzeyEJ8B6t6l8Tb4Xti6QAksa8DmePA==",
      "requires": {
        "jsx-number-format": "^0.1.4"
      }
    },
    "colors": {
      "version": "0.5.1",
      "resolved": "https://registry.npmjs.org/colors/-/colors-0.5.1.tgz",
      "integrity": "sha1-fQAj6usVTo7p/Oddy5I9DtFmd3Q="
    },
    "data-uri-to-buffer": {
      "version": "2.0.2",
      "resolved": "https://registry.npmjs.org/data-uri-to-buffer/-/data-uri-to-buffer-2.0.2.tgz",
      "integrity": "sha512-ND9qDTLc6diwj+Xe5cdAgVTbLVdXbtxTJRXRhli8Mowuaan+0EJOtdqJ0QCHNSSPyoXGx9HX2/VMnKeC34AChA=="
    },
    "discontinuous-range": {
      "version": "1.0.0",
      "resolved": "https://registry.npmjs.org/discontinuous-range/-/discontinuous-range-1.0.0.tgz",
      "integrity": "sha1-44Mx8IRLukm5qctxx3FYWqsbxlo="
    },
    "emittery": {
      "version": "0.6.0",
      "resolved": "https://registry.npmjs.org/emittery/-/emittery-0.6.0.tgz",
      "integrity": "sha512-6EMRGr9KzYWp8DzHFZsKVZBsMO6QhAeHMeHND8rhyBNCHKMLpgW9tZv40bwN3rAIKRS5CxcK8oLRKUJSB9h7yQ=="
    },
    "error-callsites": {
      "version": "2.0.4",
      "resolved": "https://registry.npmjs.org/error-callsites/-/error-callsites-2.0.4.tgz",
      "integrity": "sha512-V877Ch4FC4FN178fDK1fsrHN4I1YQIBdtjKrHh3BUHMnh3SMvwUVrqkaOgDpUuevgSNna0RBq6Ox9SGlxYrigA=="
    },
    "get-source": {
      "version": "1.0.42",
      "resolved": "https://registry.npmjs.org/get-source/-/get-source-1.0.42.tgz",
      "integrity": "sha512-uM5xCIG5w2meVbiZaID4ajH6J8OfApqhlKXtZwsS/IIM9PLb0b2kc5sRdy78yEDfxsIYEWNk0OVxai6OpDCExA==",
      "requires": {
        "data-uri-to-buffer": "^2.0.0",
        "source-map": "^0.6.1"
      },
      "dependencies": {
        "source-map": {
          "version": "0.6.1",
          "resolved": "https://registry.npmjs.org/source-map/-/source-map-0.6.1.tgz",
          "integrity": "sha512-UjgapumWlbMhkBgzT7Ykc5YXUT46F0iKu8SGXq0bcwP5dz/h0Plj6enJqjz1Zbq2l5WaqYnrVbwWOWMyF3F47g=="
        }
      }
    },
    "hookit": {
      "version": "1.1.3",
      "resolved": "https://registry.npmjs.org/hookit/-/hookit-1.1.3.tgz",
      "integrity": "sha1-YnvRuQvE7sHTe2OiCCzv9Rgb+xk="
    },
    "in-publish": {
      "version": "2.0.1",
      "resolved": "https://registry.npmjs.org/in-publish/-/in-publish-2.0.1.tgz",
      "integrity": "sha512-oDM0kUSNFC31ShNxHKUyfZKy8ZeXZBWMjMdZHKLOk13uvT27VTL/QzRGfRUcevJhpkZAvlhPYuXkF7eNWrtyxQ=="
    },
    "interskiplist": {
      "version": "0.3.0",
      "resolved": "https://registry.npmjs.org/interskiplist/-/interskiplist-0.3.0.tgz",
      "integrity": "sha512-wbJT06yDygPP1b8QcMeQeTcu4RJAvusz2TpN6CaSnVMwifUqexOp6FuCdYKw/v2gvT/jpOYeoyfNB5umLiQKeA==",
      "requires": {
        "cnd": "9.2.1",
        "intertype": "^7.6.7",
        "interval-skip-list": "^2.0.1",
        "multimix006modern": "^0.0.6"
      },
      "dependencies": {
        "cnd": {
          "version": "9.2.1",
          "resolved": "https://registry.npmjs.org/cnd/-/cnd-9.2.1.tgz",
          "integrity": "sha512-JszZtSlOCxkIvNPKpw1PmIcQUjYO+pBqVoKVH2STHLtG4JHHJ1NHowv39lhyxzlPxUTZk7pZ3qO7CfrfJ8ZSKw=="
        }
      }
    },
    "intertype": {
      "version": "7.6.7",
      "resolved": "https://registry.npmjs.org/intertype/-/intertype-7.6.7.tgz",
      "integrity": "sha512-vBgYabqxX3fLa9f0Z3QeXgYszadAGdAHXdLcdQc5ZxZSG5CmbJCdYcudZLYtgmNo8epQag8zzyg7wwx+OD5J8g==",
      "requires": {
        "multimix": "^5.0.0"
      }
    },
    "interval-skip-list": {
      "version": "2.0.1",
      "resolved": "https://registry.npmjs.org/interval-skip-list/-/interval-skip-list-2.0.1.tgz",
      "integrity": "sha1-qKqxayP4D3gGQN4VuhWcu8LjgDU=",
      "requires": {
        "underscore-plus": "^1.6.6"
      }
    },
    "jsx-number-format": {
      "version": "0.1.4",
      "resolved": "https://registry.npmjs.org/jsx-number-format/-/jsx-number-format-0.1.4.tgz",
      "integrity": "sha512-uPc/Q90XqZoRE7Cu1OLFQB2cSrA2Dy8+okzPOtML8vbagNFDSipbndIPme+q0odBjEhL+wf3WH3Wo52was4Tsg=="
    },
    "letsfreezethat": {
      "version": "2.2.5",
      "resolved": "https://registry.npmjs.org/letsfreezethat/-/letsfreezethat-2.2.5.tgz",
      "integrity": "sha512-w4XD73ki7rClXBft9OmvngG6abnE71h0BTMNCCXdmDGI3zYNIZYjG6/fOhRjz1crWc5ic/XGKdl6KkusftiKpA=="
    },
    "load-source-map": {
      "version": "1.0.0",
      "resolved": "https://registry.npmjs.org/load-source-map/-/load-source-map-1.0.0.tgz",
      "integrity": "sha1-MY9JkFzopwnft8w/FvPv47zx3QU=",
      "requires": {
        "in-publish": "^2.0.0",
        "semver": "^5.3.0",
        "source-map": "^0.5.6"
      }
    },
    "lodash.flattendeep": {
      "version": "4.4.0",
      "resolved": "https://registry.npmjs.org/lodash.flattendeep/-/lodash.flattendeep-4.4.0.tgz",
      "integrity": "sha1-+wMJF/hqMTTlvJvsDWngAT3f7bI="
    },
    "looper": {
      "version": "4.0.0",
      "resolved": "https://registry.npmjs.org/looper/-/looper-4.0.0.tgz",
      "integrity": "sha1-dwat7VmpntygbmtUu4bI7BnJUVU="
    },
    "lru-cache": {
      "version": "4.0.2",
      "resolved": "https://registry.npmjs.org/lru-cache/-/lru-cache-4.0.2.tgz",
      "integrity": "sha1-HRdnnAac2l0ECZGgnbwsDbN35V4=",
      "requires": {
        "pseudomap": "^1.0.1",
        "yallist": "^2.0.0"
      }
    },
    "mkdirp": {
      "version": "1.0.4",
      "resolved": "https://registry.npmjs.org/mkdirp/-/mkdirp-1.0.4.tgz",
      "integrity": "sha512-vVqVZQyf3WLx2Shd0qJ9xuvqgAyKPLAiqITEtqW0oIUjzo3PePDd6fW9iFz30ef7Ysp/oiWqbhszeGWW2T6Gzw=="
    },
    "multimix": {
      "version": "5.0.0",
      "resolved": "https://registry.npmjs.org/multimix/-/multimix-5.0.0.tgz",
      "integrity": "sha512-N9cdGSDDD7kxOV7R6e4iZqsHTZ4F4iiSDWqMcVqx4gEH6HBtRXav39Gj3fgT1YqvBcwPCQuf0Oa5R2cDaLWK8A=="
    },
    "multimix006modern": {
      "version": "0.0.6",
      "resolved": "https://registry.npmjs.org/multimix006modern/-/multimix006modern-0.0.6.tgz",
      "integrity": "sha512-r7Kfb/jZtgEj8EuVnqIsHydQ0u+rNdo2zUFOTSQ/bBpUnZsJkAQj4/8t+/fXpDlzKpN1LckkghV4WsL84DQpTQ==",
      "requires": {
        "cnd": "9.2.1",
        "intertype": "^7.6.7"
      },
      "dependencies": {
        "cnd": {
          "version": "9.2.1",
          "resolved": "https://registry.npmjs.org/cnd/-/cnd-9.2.1.tgz",
          "integrity": "sha512-JszZtSlOCxkIvNPKpw1PmIcQUjYO+pBqVoKVH2STHLtG4JHHJ1NHowv39lhyxzlPxUTZk7pZ3qO7CfrfJ8ZSKw=="
        }
      }
    },
    "ncr": {
      "version": "2.1.0",
      "resolved": "https://registry.npmjs.org/ncr/-/ncr-2.1.0.tgz",
      "integrity": "sha512-JLpUAsKmEk0vj8587ujNgzrivQXQf7r6vIlBG+yfoASJVyioKMXPn+iC5LCfawa1P0mp8qDY280EeLCM3CdWZg==",
      "requires": {
        "cnd": "9.2.1",
        "interskiplist": "0.3.0",
        "intertype": "^7.6.7",
        "multimix006modern": "^0.0.6",
        "pipedreams": "12.1.1"
      },
      "dependencies": {
        "cnd": {
          "version": "9.2.1",
          "resolved": "https://registry.npmjs.org/cnd/-/cnd-9.2.1.tgz",
          "integrity": "sha512-JszZtSlOCxkIvNPKpw1PmIcQUjYO+pBqVoKVH2STHLtG4JHHJ1NHowv39lhyxzlPxUTZk7pZ3qO7CfrfJ8ZSKw=="
        }
      }
    },
    "nearley": {
      "version": "2.9.3",
      "resolved": "https://registry.npmjs.org/nearley/-/nearley-2.9.3.tgz",
      "integrity": "sha1-PWK8oIsu/X/fH0y1n25wgOJPsog=",
      "requires": {
        "nomnom": "~1.6.2",
        "railroad-diagrams": "^1.0.0",
        "randexp": "^0.4.2"
      }
    },
    "nomnom": {
      "version": "1.6.2",
      "resolved": "https://registry.npmjs.org/nomnom/-/nomnom-1.6.2.tgz",
      "integrity": "sha1-hKZqJgF0QI/Ft3oY+IjszET7aXE=",
      "requires": {
        "colors": "0.5.x",
        "underscore": "~1.4.4"
      },
      "dependencies": {
        "underscore": {
          "version": "1.4.4",
          "resolved": "https://registry.npmjs.org/underscore/-/underscore-1.4.4.tgz",
          "integrity": "sha1-YaajIBBiKvoHljvzJSA88SI51gQ="
        }
      }
    },
    "pipedreams": {
      "version": "12.1.1",
      "resolved": "https://registry.npmjs.org/pipedreams/-/pipedreams-12.1.1.tgz",
      "integrity": "sha512-jNSPPiBab1Fr6ozif0111WcZwvhcYS/UYyKMZix8uQCzMs2cMqcJtKFwcrHIwnVXEK0NAg8QWjLFmWAEplRgLA==",
      "requires": {
        "cnd": "^5.3.2",
        "emittery": "^0.6.0",
        "intertype": "^3.4.1",
        "letsfreezethat": "^2.2.5",
        "multimix": "^2.2.1",
        "pipestreams": "^8.0.1"
      },
      "dependencies": {
        "cnd": {
          "version": "5.3.2",
          "resolved": "https://registry.npmjs.org/cnd/-/cnd-5.3.2.tgz",
          "integrity": "sha512-HZmL11eDy/oreoKTxes07DSPjd9Cjr4qZVEdRu8lK+dxIts2cqUkyde39Ve7PyMh8nWNtSzmvIZ4WHWng1PFow==",
          "requires": {
            "mkdirp": "^1.0.4",
            "stackman": "^4.0.1",
            "trycatch": "^1.5.21"
          }
        },
        "intertype": {
          "version": "3.4.1",
          "resolved": "https://registry.npmjs.org/intertype/-/intertype-3.4.1.tgz",
          "integrity": "sha512-iygBhO6W8EoxMLu8u/oWdqS5fjppBRXjdhsI0z7UCSiBcwNW9SDQGxWlOlcUWCXGrACqtGBEVrUcDibMMxuC/A==",
          "requires": {
            "cnd": "^5.3.2",
            "multimix": "^2.2.1"
          }
        },
        "multimix": {
          "version": "2.2.1",
          "resolved": "https://registry.npmjs.org/multimix/-/multimix-2.2.1.tgz",
          "integrity": "sha512-VYYI4UT9RZmhlFApQiay5JPto/VB4nXYb+LR1xGfwIiPIQEJFMDe84HBnes939N2BNxwY5mgszAzOOcLMYndEg==",
          "requires": {
            "cnd": "^5.3.1",
            "intertype": "^3.4.0"
          }
        }
      }
    },
    "pipestreams": {
      "version": "8.0.1",
      "resolved": "https://registry.npmjs.org/pipestreams/-/pipestreams-8.0.1.tgz",
      "integrity": "sha512-YpjNwgF5VOhbtXeDarudvDGj1ydDO1h3A6W6Dfn2yJkW+IhNvC+H7zYArTh9Ja6pZLNnB2olDEQlzqxGKCCVGQ==",
      "requires": {
        "cnd": "^5.3.2",
        "get-source": "^1.0.42",
        "intertype": "^3.4.1",
        "lodash.flattendeep": "^4.4.0",
        "multimix": "^2.2.1",
        "pull-cont": "^0.1.1",
        "pull-map-last": "^1.0.0",
        "pull-merge": "^1.0.4",
        "pull-mux": "^0.1.3",
        "pull-pair": "^1.1.0",
        "pull-paramap": "^1.2.2",
        "pull-pause": "0.0.2",
        "pull-pushable": "^2.2.0",
        "pull-split": "^0.2.1",
        "pull-stream": "^3.6.14",
        "pull-stream-to-stream": "^2.0.0",
        "pull-tee": "^2.0.1",
        "pull-utf8-decoder": "^1.0.2",
        "stack-trace": "0.0.10",
        "stream-to-pull-stream": "^1.7.3",
        "timsort": "^0.3.0"
      },
      "dependencies": {
        "cnd": {
          "version": "5.3.2",
          "resolved": "https://registry.npmjs.org/cnd/-/cnd-5.3.2.tgz",
          "integrity": "sha512-HZmL11eDy/oreoKTxes07DSPjd9Cjr4qZVEdRu8lK+dxIts2cqUkyde39Ve7PyMh8nWNtSzmvIZ4WHWng1PFow==",
          "requires": {
            "mkdirp": "^1.0.4",
            "stackman": "^4.0.1",
            "trycatch": "^1.5.21"
          }
        },
        "intertype": {
          "version": "3.4.1",
          "resolved": "https://registry.npmjs.org/intertype/-/intertype-3.4.1.tgz",
          "integrity": "sha512-iygBhO6W8EoxMLu8u/oWdqS5fjppBRXjdhsI0z7UCSiBcwNW9SDQGxWlOlcUWCXGrACqtGBEVrUcDibMMxuC/A==",
          "requires": {
            "cnd": "^5.3.2",
            "multimix": "^2.2.1"
          }
        },
        "multimix": {
          "version": "2.2.1",
          "resolved": "https://registry.npmjs.org/multimix/-/multimix-2.2.1.tgz",
          "integrity": "sha512-VYYI4UT9RZmhlFApQiay5JPto/VB4nXYb+LR1xGfwIiPIQEJFMDe84HBnes939N2BNxwY5mgszAzOOcLMYndEg==",
          "requires": {
            "cnd": "^5.3.1",
            "intertype": "^3.4.0"
          }
        }
      }
    },
    "pseudomap": {
      "version": "1.0.2",
      "resolved": "https://registry.npmjs.org/pseudomap/-/pseudomap-1.0.2.tgz",
      "integrity": "sha1-8FKijacOYYkX7wqKw0wa5aaChrM="
    },
    "pull-cont": {
      "version": "0.1.1",
      "resolved": "https://registry.npmjs.org/pull-cont/-/pull-cont-0.1.1.tgz",
      "integrity": "sha1-3x1YDicXV7qay666IN4kIdZg1hg="
    },
    "pull-many": {
      "version": "1.0.9",
      "resolved": "https://registry.npmjs.org/pull-many/-/pull-many-1.0.9.tgz",
      "integrity": "sha512-+jUydDVlj/HsvtDqxWMSsiRq3B0HVo7RhBV4C0p2nZRS3mFTUEu9SPEBN+B5PMaW8KTnblYhTIaKg7oXgGnj4Q==",
      "requires": {
        "pull-stream": "^3.4.5"
      }
    },
    "pull-map-last": {
      "version": "1.0.0",
      "resolved": "https://registry.npmjs.org/pull-map-last/-/pull-map-last-1.0.0.tgz",
      "integrity": "sha1-CdPZ/gBP4tnhjWl+z/x6JyWZRq8="
    },
    "pull-merge": {
      "version": "1.0.4",
      "resolved": "https://registry.npmjs.org/pull-merge/-/pull-merge-1.0.4.tgz",
      "integrity": "sha512-pz72yzy7nK4YVKV8+njxC5GrnATJ4OwFEviiuXx/K/W2+G2mDddkomv2g0j4Zf4eT+LhsBuVpOAjZU1E9BPqCw=="
    },
    "pull-mux": {
      "version": "0.1.3",
      "resolved": "https://registry.npmjs.org/pull-mux/-/pull-mux-0.1.3.tgz",
      "integrity": "sha1-qlKIYmvxAZpuP5aJDqLVXLs7WiU=",
      "requires": {
        "pull-many": "^1.0.8",
        "pull-pair": "^1.1.0",
        "pull-stream": "^3.5.0",
        "pull-tee": "https://github.com/pull-stream/pull-tee/tarball/master"
      }
    },
    "pull-pair": {
      "version": "1.1.0",
      "resolved": "https://registry.npmjs.org/pull-pair/-/pull-pair-1.1.0.tgz",
      "integrity": "sha1-fuQnJj/fTaglOXrAoF4atLdL120="
    },
    "pull-paramap": {
      "version": "1.2.2",
      "resolved": "https://registry.npmjs.org/pull-paramap/-/pull-paramap-1.2.2.tgz",
      "integrity": "sha1-UaQZPOnI1yFdla2tReK824STsjo=",
      "requires": {
        "looper": "^4.0.0"
      }
    },
    "pull-pause": {
      "version": "0.0.2",
      "resolved": "https://registry.npmjs.org/pull-pause/-/pull-pause-0.0.2.tgz",
      "integrity": "sha1-GdRb6PqmFfpVbxSpb9czRiw3+6M="
    },
    "pull-pushable": {
      "version": "2.2.0",
      "resolved": "https://registry.npmjs.org/pull-pushable/-/pull-pushable-2.2.0.tgz",
      "integrity": "sha1-Xy867UethpGfAbEqLpnW8b13ZYE="
    },
    "pull-split": {
      "version": "0.2.1",
      "resolved": "https://registry.npmjs.org/pull-split/-/pull-split-0.2.1.tgz",
      "integrity": "sha512-lloBKx+ijuRNvxvhM/SMJQ0r9/0WBGcpCPv8I6MZuYl4D1heUF/eYQObnqVehhtTMYuMwboK7RdhMa4Wg3YB7w==",
      "requires": {
        "pull-through": "~1.0.6"
      }
    },
    "pull-stream": {
      "version": "3.6.14",
      "resolved": "https://registry.npmjs.org/pull-stream/-/pull-stream-3.6.14.tgz",
      "integrity": "sha512-KIqdvpqHHaTUA2mCYcLG1ibEbu/LCKoJZsBWyv9lSYtPkJPBq8m3Hxa103xHi6D2thj5YXa0TqK3L3GUkwgnew=="
    },
    "pull-stream-to-stream": {
      "version": "2.0.0",
      "resolved": "https://registry.npmjs.org/pull-stream-to-stream/-/pull-stream-to-stream-2.0.0.tgz",
      "integrity": "sha512-lhgwUn2hQalava39zAzrRhjvVOpR99mfx5tCYRMD8Is85kBvXhQ39zIonVA+2TzdOFjmTQYbPWbEH0HAG+0t0Q=="
    },
    "pull-tee": {
      "version": "2.0.1",
      "resolved": "https://github.com/pull-stream/pull-tee/tarball/master",
      "integrity": "sha512-Nw01X7fNikCaZbY65xJfrfbMH+iuBIsCt6oOwS5Rf5Lt6TlIaU8OiiXbVr/znIxsqhVIIs87cJa9RvvuhrF20Q=="
    },
    "pull-through": {
      "version": "1.0.18",
      "resolved": "https://registry.npmjs.org/pull-through/-/pull-through-1.0.18.tgz",
      "integrity": "sha1-jdYjFCY+Wc9Qlur7sSeitu8xBzU=",
      "requires": {
        "looper": "~3.0.0"
      },
      "dependencies": {
        "looper": {
          "version": "3.0.0",
          "resolved": "https://registry.npmjs.org/looper/-/looper-3.0.0.tgz",
          "integrity": "sha1-LvpUw7HLq6m5Su4uWRSwvlf7t0k="
        }
      }
    },
    "pull-utf8-decoder": {
      "version": "1.0.2",
      "resolved": "https://registry.npmjs.org/pull-utf8-decoder/-/pull-utf8-decoder-1.0.2.tgz",
      "integrity": "sha1-p6+iOE0eZBWl1gIFQSbMjeO8vOc="
    },
    "railroad-diagrams": {
      "version": "1.0.0",
      "resolved": "https://registry.npmjs.org/railroad-diagrams/-/railroad-diagrams-1.0.0.tgz",
      "integrity": "sha1-635iZ1SN3t+4mcG5Dlc3RVnN234="
    },
    "randexp": {
      "version": "0.4.5",
      "resolved": "https://registry.npmjs.org/randexp/-/randexp-0.4.5.tgz",
      "integrity": "sha1-/+OoDD9mbNceawCOR35YTBoy/z4=",
      "requires": {
        "discontinuous-range": "1.0.0",
        "ret": "~0.1.10"
      }
    },
    "ret": {
      "version": "0.1.14",
      "resolved": "https://registry.npmjs.org/ret/-/ret-0.1.14.tgz",
      "integrity": "sha1-WMY2g3sS4WH4o4DPCBxqIw/RZk4="
    },
    "semver": {
      "version": "5.7.1",
      "resolved": "https://registry.npmjs.org/semver/-/semver-5.7.1.tgz",
      "integrity": "sha512-sauaDf/PZdVgrLTNYHRtpXa1iRiKcaebiKQ1BJdpQlWH2lCvexQdX55snPFyK7QzpudqbCI0qXFfOasHdyNDGQ=="
    },
    "source-map": {
      "version": "0.5.6",
      "resolved": "https://registry.npmjs.org/source-map/-/source-map-0.5.6.tgz",
      "integrity": "sha1-dc449SvwczxafwwRjYEzSiu19BI="
    },
    "stack-trace": {
      "version": "0.0.10",
      "resolved": "https://registry.npmjs.org/stack-trace/-/stack-trace-0.0.10.tgz",
      "integrity": "sha1-VHxws0fo0ytOEI6hoqFZ5f3eGcA="
    },
    "stackman": {
      "version": "4.0.1",
      "resolved": "https://registry.npmjs.org/stackman/-/stackman-4.0.1.tgz",
      "integrity": "sha512-lntIge3BFEElgvpZT2ld5f4U+mF84fRtJ8vA3ymUVx1euVx43ZMkd09+5RWW4FmvYDFhZwPh1gvtdsdnJyF4Fg==",
      "requires": {
        "after-all-results": "^2.0.0",
        "async-cache": "^1.1.0",
        "debug": "^4.1.1",
        "error-callsites": "^2.0.3",
        "load-source-map": "^1.0.0"
      },
      "dependencies": {
        "debug": {
          "version": "4.3.2",
          "resolved": "https://registry.npmjs.org/debug/-/debug-4.3.2.tgz",
          "integrity": "sha512-mOp8wKcvj7XxC78zLgw/ZA+6TSgkoE2C/ienthhRD298T7UNwAg9diBpLRxC0mOezLl4B0xV7M0cCO6P/O0Xhw==",
          "requires": {
            "ms": "2.1.2"
          }
        },
        "ms": {
          "version": "2.1.2",
          "resolved": "https://registry.npmjs.org/ms/-/ms-2.1.2.tgz",
          "integrity": "sha512-sGkPx+VjMtmA6MX27oA4FBFELFCZZ4S4XqeGOXCv68tT+jb3vk/RyaKWP0PTKyWtmLSM0b+adUTEvbs1PEaH2w=="
        }
      }
    },
    "stream-to-pull-stream": {
      "version": "1.7.3",
      "resolved": "https://registry.npmjs.org/stream-to-pull-stream/-/stream-to-pull-stream-1.7.3.tgz",
      "integrity": "sha512-6sNyqJpr5dIOQdgNy/xcDWwDuzAsAwVzhzrWlAPAQ7Lkjx/rv0wgvxEyKwTq6FmNd5rjTrELt/CLmaSw7crMGg==",
      "requires": {
        "looper": "^3.0.0",
        "pull-stream": "^3.2.3"
      },
      "dependencies": {
        "looper": {
          "version": "3.0.0",
          "resolved": "https://registry.npmjs.org/looper/-/looper-3.0.0.tgz",
          "integrity": "sha1-LvpUw7HLq6m5Su4uWRSwvlf7t0k="
        }
      }
    },
    "timsort": {
      "version": "0.3.0",
      "resolved": "https://registry.npmjs.org/timsort/-/timsort-0.3.0.tgz",
      "integrity": "sha1-QFQRqOfmM5/mTbmiNN4R3DHgK9Q="
    },
    "trycatch": {
      "version": "1.5.21",
      "resolved": "https://registry.npmjs.org/trycatch/-/trycatch-1.5.21.tgz",
      "integrity": "sha1-LLFdQ9T0X3Q2dweYoQvfvh1aVv4=",
      "requires": {
        "ansi-styles": "1.x.x",
        "hookit": "^1.1.3"
      }
    },
    "underscore": {
      "version": "1.13.1",
      "resolved": "https://registry.npmjs.org/underscore/-/underscore-1.13.1.tgz",
      "integrity": "sha512-hzSoAVtJF+3ZtiFX0VgfFPHEDRm7Y/QPjGyNo4TVdnDTdft3tr8hEkD25a1jC+TjTuE7tkHGKkhwCgs9dgBB2g=="
    },
    "underscore-plus": {
      "version": "1.7.0",
      "resolved": "https://registry.npmjs.org/underscore-plus/-/underscore-plus-1.7.0.tgz",
      "integrity": "sha512-A3BEzkeicFLnr+U/Q3EyWwJAQPbA19mtZZ4h+lLq3ttm9kn8WC4R3YpuJZEXmWdLjYP47Zc8aLZm9kwdv+zzvA==",
      "requires": {
        "underscore": "^1.9.1"
      }
    },
    "yallist": {
      "version": "2.1.2",
      "resolved": "https://registry.npmjs.org/yallist/-/yallist-2.1.2.tgz",
      "integrity": "sha1-HBH5IY8HYImkfdUS+TxmmaaoHVI="
    }
  }
}
