{
  "name": "mojikura-idl",
  "version": "1.1.4",
  "lockfileVersion": 1,
  "dependencies": {
    "ansi-regex": {
      "version": "https://registry.npmjs.org/ansi-regex/-/ansi-regex-2.1.1.tgz",
      "integrity": "sha1-w7M6te42DYbg5ijwRorn7yfWVN8="
    },
    "ansi-styles": {
      "version": "https://registry.npmjs.org/ansi-styles/-/ansi-styles-1.1.0.tgz",
      "integrity": "sha1-6uy/Zs1waIJ2Cy9GkVgrj1XXp94=",
      "optional": true
    },
    "async": {
      "version": "https://registry.npmjs.org/async/-/async-2.4.0.tgz",
      "integrity": "sha1-SZAgDxjqW4N8LMT4wDGmmFw4VhE="
    },
    "binary-split": {
      "version": "https://registry.npmjs.org/binary-split/-/binary-split-1.0.3.tgz",
      "integrity": "sha1-yqiKyNhZ0zFw9fHOa0xZCHn3UCY="
    },
    "buffer-shims": {
      "version": "https://registry.npmjs.org/buffer-shims/-/buffer-shims-1.0.0.tgz",
      "integrity": "sha1-mXjOMXOIxkmth5MCjDR37wRKi1E="
    },
    "cnd": {
      "version": "https://registry.npmjs.org/cnd/-/cnd-4.2.2.tgz",
      "integrity": "sha1-TwICGYWk0xq7CqbzoQ5dH2Z/M1w="
    },
    "code-point-at": {
      "version": "https://registry.npmjs.org/code-point-at/-/code-point-at-1.1.0.tgz",
      "integrity": "sha1-DQcLTQQ6W+ozovGkDi7bPZpMz3c="
    },
    "coffeenode-suspend": {
      "version": "https://registry.npmjs.org/coffeenode-suspend/-/coffeenode-suspend-0.1.11.tgz",
      "integrity": "sha1-B1n2TzgWbhlkTFKYH+rgX9dVaZI="
    },
    "core-util-is": {
      "version": "https://registry.npmjs.org/core-util-is/-/core-util-is-1.0.2.tgz",
      "integrity": "sha1-tf1UIgqivFq1eqtxQMlAdUUDwac="
    },
    "debug": {
      "version": "https://registry.npmjs.org/debug/-/debug-2.6.6.tgz",
      "integrity": "sha1-qfpvvpykPPHnn3O3XAGJy7fW21o="
    },
    "diff": {
      "version": "https://registry.npmjs.org/diff/-/diff-3.2.0.tgz",
      "integrity": "sha1-yc45Okt8vQsFinJck98pkCeGj/k="
    },
    "duplexer2": {
      "version": "https://registry.npmjs.org/duplexer2/-/duplexer2-0.1.4.tgz",
      "integrity": "sha1-ixLauHjA1p4+eJEFFmKjL8a93ME="
    },
    "end-of-stream": {
      "version": "https://registry.npmjs.org/end-of-stream/-/end-of-stream-1.4.0.tgz",
      "integrity": "sha1-epDYM+/abPpurA9JSduw+tOmMgY="
    },
    "guy-test": {
      "version": "https://registry.npmjs.org/guy-test/-/guy-test-1.3.3.tgz",
      "integrity": "sha1-IZWmnLOH4TwwGyc4EFaygdC0b/A="
    },
    "hookit": {
      "version": "https://registry.npmjs.org/hookit/-/hookit-1.1.3.tgz",
      "integrity": "sha1-YnvRuQvE7sHTe2OiCCzv9Rgb+xk="
    },
    "inherits": {
      "version": "https://registry.npmjs.org/inherits/-/inherits-2.0.3.tgz",
      "integrity": "sha1-Yzwsg+PaQqUC9SRmAiSA9CCCYd4="
    },
    "interskiplist": {
      "version": "https://registry.npmjs.org/interskiplist/-/interskiplist-0.2.22.tgz",
      "integrity": "sha1-Aq3SIDdB/8Sowp+WQV+YjyiZaFk="
    },
    "interval-skip-list": {
      "version": "https://registry.npmjs.org/interval-skip-list/-/interval-skip-list-2.0.1.tgz",
      "integrity": "sha1-qKqxayP4D3gGQN4VuhWcu8LjgDU="
    },
    "is-fullwidth-code-point": {
      "version": "https://registry.npmjs.org/is-fullwidth-code-point/-/is-fullwidth-code-point-1.0.0.tgz",
      "integrity": "sha1-754xOG8DGn8NZDr4L95QxFfvAMs="
    },
    "isarray": {
      "version": "https://registry.npmjs.org/isarray/-/isarray-1.0.0.tgz",
      "integrity": "sha1-u5NdSFgsuhaMBoNJV6VKPgcSTxE="
    },
    "lodash": {
      "version": "https://registry.npmjs.org/lodash/-/lodash-4.17.4.tgz",
      "integrity": "sha1-eCA6TRwyiuHYbcpkYONptX9AVa4="
    },
    "ms": {
      "version": "https://registry.npmjs.org/ms/-/ms-0.7.3.tgz",
      "integrity": "sha1-cIFVpeROM/X9D8U+gdDUCpG+H/8="
    },
    "multimix": {
      "version": "https://registry.npmjs.org/multimix/-/multimix-0.0.6.tgz",
      "integrity": "sha1-f/ZlvYlQ12669J4buuyWnxEqV1A="
    },
    "ncr": {
      "version": "https://registry.npmjs.org/ncr/-/ncr-2.0.0.tgz",
      "integrity": "sha1-ASCXRMYK1Fm6f8IjSwfHAkky7OY="
    },
    "number-is-nan": {
      "version": "https://registry.npmjs.org/number-is-nan/-/number-is-nan-1.0.1.tgz",
      "integrity": "sha1-CXtgK1NCKlIsGvuHkDGDNpQaAR0="
    },
    "once": {
      "version": "http://192.168.178.48:4873/once/-/once-1.4.0.tgz",
      "integrity": "sha1-WDsap3WWHUsROsF9nFC6753Xa9E="
    },
    "os-tmpdir": {
      "version": "https://registry.npmjs.org/os-tmpdir/-/os-tmpdir-1.0.2.tgz",
      "integrity": "sha1-u+Z0BseaqFxc/sdm/lc0VV36EnQ="
    },
    "pipedreams": {
      "version": "https://registry.npmjs.org/pipedreams/-/pipedreams-6.3.2.tgz",
      "integrity": "sha1-3UaPSu2EeAO2uVu+sCLl5k2ZAUA="
    },
    "process-nextick-args": {
      "version": "https://registry.npmjs.org/process-nextick-args/-/process-nextick-args-1.0.7.tgz",
      "integrity": "sha1-FQ4gt1ZZCtP5EJPyWk8q2L/zC6M="
    },
    "progress": {
      "version": "http://192.168.178.48:4873/progress/-/progress-1.1.8.tgz",
      "integrity": "sha1-4mDHj2Fhzdmw5WzD4Khd4Xx6V74="
    },
    "pump": {
      "version": "https://registry.npmjs.org/pump/-/pump-1.0.2.tgz",
      "integrity": "sha1-Oz7mUS+U8OV1U4wXmV+fFpkKXVE="
    },
    "readable-stream": {
      "version": "https://registry.npmjs.org/readable-stream/-/readable-stream-2.2.9.tgz",
      "integrity": "sha1-z3jsb0ptHrQ9JkiMrJfwQudLf8g="
    },
    "stream-parser": {
      "version": "https://registry.npmjs.org/stream-parser/-/stream-parser-0.3.1.tgz",
      "integrity": "sha1-FhhUhpRCACGhGC/wrxkRwSl2F3M="
    },
    "string_decoder": {
      "version": "https://registry.npmjs.org/string_decoder/-/string_decoder-1.0.0.tgz",
      "integrity": "sha1-8G9BFXtmTYYGn4S9vcmw2KsoFmc="
    },
    "string-width": {
      "version": "https://registry.npmjs.org/string-width/-/string-width-1.0.2.tgz",
      "integrity": "sha1-EYvfW4zcUaKn5w0hHgfisLmxB9M="
    },
    "strip-ansi": {
      "version": "https://registry.npmjs.org/strip-ansi/-/strip-ansi-3.0.1.tgz",
      "integrity": "sha1-ajhfuIU9lS1f8F0Oiq+UJ43GPc8="
    },
    "throttle": {
      "version": "https://registry.npmjs.org/throttle/-/throttle-1.0.3.tgz",
      "integrity": "sha1-ijLkoV8XY9mXlIMXxevjrYpB5Lc="
    },
    "through2": {
      "version": "https://registry.npmjs.org/through2/-/through2-2.0.3.tgz",
      "integrity": "sha1-AARWmzfHx0ujnEPzzteNGtlBQL4="
    },
    "timsort": {
      "version": "https://registry.npmjs.org/timsort/-/timsort-0.3.0.tgz",
      "integrity": "sha1-QFQRqOfmM5/mTbmiNN4R3DHgK9Q="
    },
    "tmp": {
      "version": "https://registry.npmjs.org/tmp/-/tmp-0.0.28.tgz",
      "integrity": "sha1-Fyc1t/YU6nrzlmT6hM8N5OUV0SA="
    },
    "to-width": {
      "version": "https://registry.npmjs.org/to-width/-/to-width-1.0.3.tgz",
      "integrity": "sha1-hY6IgwcbIMidy13nJWXa+F7k+YQ="
    },
    "trycatch": {
      "version": "https://registry.npmjs.org/trycatch/-/trycatch-1.5.21.tgz",
      "integrity": "sha1-LLFdQ9T0X3Q2dweYoQvfvh1aVv4="
    },
    "underscore": {
      "version": "https://registry.npmjs.org/underscore/-/underscore-1.6.0.tgz",
      "integrity": "sha1-izixDKze9jM3uLJOT/htRa6lKag="
    },
    "underscore-plus": {
      "version": "https://registry.npmjs.org/underscore-plus/-/underscore-plus-1.6.6.tgz",
      "integrity": "sha1-ZezeG9xEGjXYnmUP1w3PE65Dmn0="
    },
    "util-deprecate": {
      "version": "https://registry.npmjs.org/util-deprecate/-/util-deprecate-1.0.2.tgz",
      "integrity": "sha1-RQ1Nyfpw3nMnYvvS1KKJgUGaDM8="
    },
    "varsize-string": {
      "version": "https://registry.npmjs.org/varsize-string/-/varsize-string-2.2.2.tgz",
      "integrity": "sha1-7xs7bHLbCDXqL4TN+R/sMMUgaIs="
    },
    "wcsize": {
      "version": "https://registry.npmjs.org/wcsize/-/wcsize-1.0.0.tgz",
      "integrity": "sha1-qKLhXmqKdHkdulgPaaV9J+hQ6h4="
    },
    "wcstring": {
      "version": "https://registry.npmjs.org/wcstring/-/wcstring-2.1.1.tgz",
      "integrity": "sha1-3tUtdFycceJNCkidKCbSKjZe0Gc="
    },
    "wrappy": {
      "version": "https://registry.npmjs.org/wrappy/-/wrappy-1.0.2.tgz",
      "integrity": "sha1-tSQ9jz7BqjXxNkYFvA0QNuMKtp8="
    },
    "xtend": {
      "version": "https://registry.npmjs.org/xtend/-/xtend-4.0.1.tgz",
      "integrity": "sha1-pcbVMr5lbiPbgg77lDofBJmNY68="
    }
  }
}
