lockfileVersion: 5.3

specifiers:
  cnd: 9.2.1
  intertype: ^7.6.7
  ncr: 2.1.0
  nearley: ^2.9.3

dependencies:
  cnd: 9.2.1
  intertype: 7.6.7
  ncr: 2.1.0
  nearley: 2.20.1

packages:

  /after-all-results/2.0.0:
    resolution: {integrity: sha1-asL8ICtQD4jaj09VMM+hAPTGotA=}
    dev: false

  /ansi-styles/1.1.0:
    resolution: {integrity: sha1-6uy/Zs1waIJ2Cy9GkVgrj1XXp94=}
    engines: {node: '>=0.10.0'}
    dev: false
    optional: true

  /async-cache/1.1.0:
    resolution: {integrity: sha1-SppaidBl7F2OUlS9nulrp2xTK1o=}
    dependencies:
      lru-cache: 4.1.5
    dev: false

  /cnd/5.3.2:
    resolution: {integrity: sha512-HZmL11eDy/oreoKTxes07DSPjd9Cjr4qZVEdRu8lK+dxIts2cqUkyde39Ve7PyMh8nWNtSzmvIZ4WHWng1PFow==}
    hasBin: true
    dependencies:
      mkdirp: 1.0.4
      stackman: 4.0.1
      trycatch: 1.5.21
    transitivePeerDependencies:
      - supports-color
    dev: false

  /cnd/9.2.1:
    resolution: {integrity: sha512-JszZtSlOCxkIvNPKpw1PmIcQUjYO+pBqVoKVH2STHLtG4JHHJ1NHowv39lhyxzlPxUTZk7pZ3qO7CfrfJ8ZSKw==}
    hasBin: true
    dev: false

  /commander/2.20.3:
    resolution: {integrity: sha512-GpVkmM8vF2vQUkj2LvZmD35JxeJOLCwJ9cUkugyk2nuhbv3+mJvpLYYt+0+USMxE+oj+ey/lJEnhZw75x/OMcQ==}
    dev: false

  /data-uri-to-buffer/2.0.2:
    resolution: {integrity: sha512-ND9qDTLc6diwj+Xe5cdAgVTbLVdXbtxTJRXRhli8Mowuaan+0EJOtdqJ0QCHNSSPyoXGx9HX2/VMnKeC34AChA==}
    dev: false

  /debug/4.3.1:
    resolution: {integrity: sha512-doEwdvm4PCeK4K3RQN2ZC2BYUBaxwLARCqZmMjtF8a51J2Rb0xpVloFRnCODwqjpwnAoao4pelN8l3RJdv3gRQ==}
    engines: {node: '>=6.0'}
    peerDependencies:
      supports-color: '*'
    peerDependenciesMeta:
      supports-color:
        optional: true
    dependencies:
      ms: 2.1.2
    dev: false

  /discontinuous-range/1.0.0:
    resolution: {integrity: sha1-44Mx8IRLukm5qctxx3FYWqsbxlo=}
    dev: false

  /emittery/0.6.0:
    resolution: {integrity: sha512-6EMRGr9KzYWp8DzHFZsKVZBsMO6QhAeHMeHND8rhyBNCHKMLpgW9tZv40bwN3rAIKRS5CxcK8oLRKUJSB9h7yQ==}
    engines: {node: '>=10'}
    dev: false

  /error-callsites/2.0.3:
    resolution: {integrity: sha512-v036z4IEffZFE5kBkV5/F2MzhLnG0vuDyN+VXpzCf4yWXvX/1WJCI0A+TGTr8HWzBfCw5k8gr9rwAo09V+obTA==}
    dev: false

  /get-source/1.0.42:
    resolution: {integrity: sha512-uM5xCIG5w2meVbiZaID4ajH6J8OfApqhlKXtZwsS/IIM9PLb0b2kc5sRdy78yEDfxsIYEWNk0OVxai6OpDCExA==}
    dependencies:
      data-uri-to-buffer: 2.0.2
      source-map: 0.6.1
    dev: false

  /hookit/1.1.3:
    resolution: {integrity: sha1-YnvRuQvE7sHTe2OiCCzv9Rgb+xk=}
    dev: false

  /in-publish/2.0.1:
    resolution: {integrity: sha512-oDM0kUSNFC31ShNxHKUyfZKy8ZeXZBWMjMdZHKLOk13uvT27VTL/QzRGfRUcevJhpkZAvlhPYuXkF7eNWrtyxQ==}
    hasBin: true
    dev: false

  /interskiplist/0.3.0:
    resolution: {integrity: sha512-wbJT06yDygPP1b8QcMeQeTcu4RJAvusz2TpN6CaSnVMwifUqexOp6FuCdYKw/v2gvT/jpOYeoyfNB5umLiQKeA==}
    dependencies:
      cnd: 9.2.1
      intertype: 7.6.7
      interval-skip-list: 2.0.1
      multimix006modern: 0.0.6
    dev: false

  /intertype/3.4.1:
    resolution: {integrity: sha512-iygBhO6W8EoxMLu8u/oWdqS5fjppBRXjdhsI0z7UCSiBcwNW9SDQGxWlOlcUWCXGrACqtGBEVrUcDibMMxuC/A==}
    dependencies:
      cnd: 5.3.2
      multimix: 2.2.1
    transitivePeerDependencies:
      - supports-color
    dev: false

  /intertype/7.6.7:
    resolution: {integrity: sha512-vBgYabqxX3fLa9f0Z3QeXgYszadAGdAHXdLcdQc5ZxZSG5CmbJCdYcudZLYtgmNo8epQag8zzyg7wwx+OD5J8g==}
    dependencies:
      multimix: 5.0.0
    dev: false

  /interval-skip-list/2.0.1:
    resolution: {integrity: sha1-qKqxayP4D3gGQN4VuhWcu8LjgDU=}
    dependencies:
      underscore-plus: 1.7.0
    dev: false

  /letsfreezethat/2.2.5:
    resolution: {integrity: sha512-w4XD73ki7rClXBft9OmvngG6abnE71h0BTMNCCXdmDGI3zYNIZYjG6/fOhRjz1crWc5ic/XGKdl6KkusftiKpA==}
    dev: false

  /load-source-map/1.0.0:
    resolution: {integrity: sha1-MY9JkFzopwnft8w/FvPv47zx3QU=}
    dependencies:
      in-publish: 2.0.1
      semver: 5.7.1
      source-map: 0.5.7
    dev: false

  /lodash.flattendeep/4.4.0:
    resolution: {integrity: sha1-+wMJF/hqMTTlvJvsDWngAT3f7bI=}
    dev: false

  /looper/3.0.0:
    resolution: {integrity: sha1-LvpUw7HLq6m5Su4uWRSwvlf7t0k=}
    dev: false

  /looper/4.0.0:
    resolution: {integrity: sha1-dwat7VmpntygbmtUu4bI7BnJUVU=}
    dev: false

  /lru-cache/4.1.5:
    resolution: {integrity: sha512-sWZlbEP2OsHNkXrMl5GYk/jKk70MBng6UU4YI/qGDYbgf6YbP4EvmqISbXCoJiRKs+1bSpFHVgQxvJ17F2li5g==}
    dependencies:
      pseudomap: 1.0.2
      yallist: 2.1.2
    dev: false

  /mkdirp/1.0.4:
    resolution: {integrity: sha512-vVqVZQyf3WLx2Shd0qJ9xuvqgAyKPLAiqITEtqW0oIUjzo3PePDd6fW9iFz30ef7Ysp/oiWqbhszeGWW2T6Gzw==}
    engines: {node: '>=10'}
    hasBin: true
    dev: false

  /moo/0.5.1:
    resolution: {integrity: sha512-I1mnb5xn4fO80BH9BLcF0yLypy2UKl+Cb01Fu0hJRkJjlCRtxZMWkTdAtDd5ZqCOxtCkhmRwyI57vWT+1iZ67w==}
    dev: false

  /ms/2.1.2:
    resolution: {integrity: sha512-sGkPx+VjMtmA6MX27oA4FBFELFCZZ4S4XqeGOXCv68tT+jb3vk/RyaKWP0PTKyWtmLSM0b+adUTEvbs1PEaH2w==}
    dev: false

  /multimix/2.2.1:
    resolution: {integrity: sha512-VYYI4UT9RZmhlFApQiay5JPto/VB4nXYb+LR1xGfwIiPIQEJFMDe84HBnes939N2BNxwY5mgszAzOOcLMYndEg==}
    dependencies:
      cnd: 5.3.2
      intertype: 3.4.1
    transitivePeerDependencies:
      - supports-color
    dev: false

  /multimix/5.0.0:
    resolution: {integrity: sha512-N9cdGSDDD7kxOV7R6e4iZqsHTZ4F4iiSDWqMcVqx4gEH6HBtRXav39Gj3fgT1YqvBcwPCQuf0Oa5R2cDaLWK8A==}
    dev: false

  /multimix006modern/0.0.6:
    resolution: {integrity: sha512-r7Kfb/jZtgEj8EuVnqIsHydQ0u+rNdo2zUFOTSQ/bBpUnZsJkAQj4/8t+/fXpDlzKpN1LckkghV4WsL84DQpTQ==}
    dependencies:
      cnd: 9.2.1
      intertype: 7.6.7
    dev: false

  /ncr/2.1.0:
    resolution: {integrity: sha512-JLpUAsKmEk0vj8587ujNgzrivQXQf7r6vIlBG+yfoASJVyioKMXPn+iC5LCfawa1P0mp8qDY280EeLCM3CdWZg==}
    dependencies:
      cnd: 9.2.1
      interskiplist: 0.3.0
      intertype: 7.6.7
      multimix006modern: 0.0.6
      pipedreams: 12.1.1
    transitivePeerDependencies:
      - supports-color
    dev: false

  /nearley/2.20.1:
    resolution: {integrity: sha512-+Mc8UaAebFzgV+KpI5n7DasuuQCHA89dmwm7JXw3TV43ukfNQ9DnBH3Mdb2g/I4Fdxc26pwimBWvjIw0UAILSQ==}
    hasBin: true
    dependencies:
      commander: 2.20.3
      moo: 0.5.1
      railroad-diagrams: 1.0.0
      randexp: 0.4.6
    dev: false

  /pipedreams/12.1.1:
    resolution: {integrity: sha512-jNSPPiBab1Fr6ozif0111WcZwvhcYS/UYyKMZix8uQCzMs2cMqcJtKFwcrHIwnVXEK0NAg8QWjLFmWAEplRgLA==}
    dependencies:
      cnd: 5.3.2
      emittery: 0.6.0
      intertype: 3.4.1
      letsfreezethat: 2.2.5
      multimix: 2.2.1
      pipestreams: 8.0.1
    transitivePeerDependencies:
      - supports-color
    dev: false

  /pipestreams/8.0.1:
    resolution: {integrity: sha512-YpjNwgF5VOhbtXeDarudvDGj1ydDO1h3A6W6Dfn2yJkW+IhNvC+H7zYArTh9Ja6pZLNnB2olDEQlzqxGKCCVGQ==}
    dependencies:
      cnd: 5.3.2
      get-source: 1.0.42
      intertype: 3.4.1
      lodash.flattendeep: 4.4.0
      multimix: 2.2.1
      pull-cont: 0.1.1
      pull-map-last: 1.0.0
      pull-merge: 1.0.4
      pull-mux: 0.1.3
      pull-pair: 1.1.0
      pull-paramap: 1.2.2
      pull-pause: 0.0.2
      pull-pushable: 2.2.0
      pull-split: 0.2.1
      pull-stream: 3.6.14
      pull-stream-to-stream: 2.0.0
      pull-tee: 2.0.1
      pull-utf8-decoder: 1.0.2
      stack-trace: 0.0.10
      stream-to-pull-stream: 1.7.3
      timsort: 0.3.0
    transitivePeerDependencies:
      - supports-color
    dev: false

  /pseudomap/1.0.2:
    resolution: {integrity: sha1-8FKijacOYYkX7wqKw0wa5aaChrM=}
    dev: false

  /pull-cont/0.1.1:
    resolution: {integrity: sha1-3x1YDicXV7qay666IN4kIdZg1hg=}
    dev: false

  /pull-many/1.0.9:
    resolution: {integrity: sha512-+jUydDVlj/HsvtDqxWMSsiRq3B0HVo7RhBV4C0p2nZRS3mFTUEu9SPEBN+B5PMaW8KTnblYhTIaKg7oXgGnj4Q==}
    dependencies:
      pull-stream: 3.6.14
    dev: false

  /pull-map-last/1.0.0:
    resolution: {integrity: sha1-CdPZ/gBP4tnhjWl+z/x6JyWZRq8=}
    dev: false

  /pull-merge/1.0.4:
    resolution: {integrity: sha512-pz72yzy7nK4YVKV8+njxC5GrnATJ4OwFEviiuXx/K/W2+G2mDddkomv2g0j4Zf4eT+LhsBuVpOAjZU1E9BPqCw==}
    dev: false

  /pull-mux/0.1.3:
    resolution: {integrity: sha1-qlKIYmvxAZpuP5aJDqLVXLs7WiU=}
    dependencies:
      pull-many: 1.0.9
      pull-pair: 1.1.0
      pull-stream: 3.6.14
      pull-tee: '@github.com/pull-stream/pull-tee/tarball/master'
    dev: false

  /pull-pair/1.1.0:
    resolution: {integrity: sha1-fuQnJj/fTaglOXrAoF4atLdL120=}
    dev: false

  /pull-paramap/1.2.2:
    resolution: {integrity: sha1-UaQZPOnI1yFdla2tReK824STsjo=}
    dependencies:
      looper: 4.0.0
    dev: false

  /pull-pause/0.0.2:
    resolution: {integrity: sha1-GdRb6PqmFfpVbxSpb9czRiw3+6M=}
    dev: false

  /pull-pushable/2.2.0:
    resolution: {integrity: sha1-Xy867UethpGfAbEqLpnW8b13ZYE=}
    dev: false

  /pull-split/0.2.1:
    resolution: {integrity: sha512-lloBKx+ijuRNvxvhM/SMJQ0r9/0WBGcpCPv8I6MZuYl4D1heUF/eYQObnqVehhtTMYuMwboK7RdhMa4Wg3YB7w==}
    dependencies:
      pull-through: 1.0.18
    dev: false

  /pull-stream-to-stream/2.0.0:
    resolution: {integrity: sha512-lhgwUn2hQalava39zAzrRhjvVOpR99mfx5tCYRMD8Is85kBvXhQ39zIonVA+2TzdOFjmTQYbPWbEH0HAG+0t0Q==}
    dev: false

  /pull-stream/3.6.14:
    resolution: {integrity: sha512-KIqdvpqHHaTUA2mCYcLG1ibEbu/LCKoJZsBWyv9lSYtPkJPBq8m3Hxa103xHi6D2thj5YXa0TqK3L3GUkwgnew==}
    dev: false

  /pull-tee/2.0.1:
    resolution: {integrity: sha1-AVX56ZgwH0c2XiE99Vz+5McebZc=}
    dev: false

  /pull-through/1.0.18:
    resolution: {integrity: sha1-jdYjFCY+Wc9Qlur7sSeitu8xBzU=}
    dependencies:
      looper: 3.0.0
    dev: false

  /pull-utf8-decoder/1.0.2:
    resolution: {integrity: sha1-p6+iOE0eZBWl1gIFQSbMjeO8vOc=}
    dev: false

  /railroad-diagrams/1.0.0:
    resolution: {integrity: sha1-635iZ1SN3t+4mcG5Dlc3RVnN234=}
    dev: false

  /randexp/0.4.6:
    resolution: {integrity: sha512-80WNmd9DA0tmZrw9qQa62GPPWfuXJknrmVmLcxvq4uZBdYqb1wYoKTmnlGUchvVWe0XiLupYkBoXVOxz3C8DYQ==}
    engines: {node: '>=0.12'}
    dependencies:
      discontinuous-range: 1.0.0
      ret: 0.1.15
    dev: false

  /ret/0.1.15:
    resolution: {integrity: sha512-TTlYpa+OL+vMMNG24xSlQGEJ3B/RzEfUlLct7b5G/ytav+wPrplCpVMFuwzXbkecJrb6IYo1iFb0S9v37754mg==}
    engines: {node: '>=0.12'}
    dev: false

  /semver/5.7.1:
    resolution: {integrity: sha512-sauaDf/PZdVgrLTNYHRtpXa1iRiKcaebiKQ1BJdpQlWH2lCvexQdX55snPFyK7QzpudqbCI0qXFfOasHdyNDGQ==}
    hasBin: true
    dev: false

  /source-map/0.5.7:
    resolution: {integrity: sha1-igOdLRAh0i0eoUyA2OpGi6LvP8w=}
    engines: {node: '>=0.10.0'}
    dev: false

  /source-map/0.6.1:
    resolution: {integrity: sha512-UjgapumWlbMhkBgzT7Ykc5YXUT46F0iKu8SGXq0bcwP5dz/h0Plj6enJqjz1Zbq2l5WaqYnrVbwWOWMyF3F47g==}
    engines: {node: '>=0.10.0'}
    dev: false

  /stack-trace/0.0.10:
    resolution: {integrity: sha1-VHxws0fo0ytOEI6hoqFZ5f3eGcA=}
    dev: false

  /stackman/4.0.1:
    resolution: {integrity: sha512-lntIge3BFEElgvpZT2ld5f4U+mF84fRtJ8vA3ymUVx1euVx43ZMkd09+5RWW4FmvYDFhZwPh1gvtdsdnJyF4Fg==}
    dependencies:
      after-all-results: 2.0.0
      async-cache: 1.1.0
      debug: 4.3.1
      error-callsites: 2.0.3
      load-source-map: 1.0.0
    transitivePeerDependencies:
      - supports-color
    dev: false

  /stream-to-pull-stream/1.7.3:
    resolution: {integrity: sha512-6sNyqJpr5dIOQdgNy/xcDWwDuzAsAwVzhzrWlAPAQ7Lkjx/rv0wgvxEyKwTq6FmNd5rjTrELt/CLmaSw7crMGg==}
    dependencies:
      looper: 3.0.0
      pull-stream: 3.6.14
    dev: false

  /timsort/0.3.0:
    resolution: {integrity: sha1-QFQRqOfmM5/mTbmiNN4R3DHgK9Q=}
    dev: false

  /trycatch/1.5.21:
    resolution: {integrity: sha1-LLFdQ9T0X3Q2dweYoQvfvh1aVv4=}
    engines: {node: '>=0.8.14'}
    dependencies:
      hookit: 1.1.3
    optionalDependencies:
      ansi-styles: 1.1.0
    dev: false

  /underscore-plus/1.7.0:
    resolution: {integrity: sha512-A3BEzkeicFLnr+U/Q3EyWwJAQPbA19mtZZ4h+lLq3ttm9kn8WC4R3YpuJZEXmWdLjYP47Zc8aLZm9kwdv+zzvA==}
    dependencies:
      underscore: 1.13.1
    dev: false

  /underscore/1.13.1:
    resolution: {integrity: sha512-hzSoAVtJF+3ZtiFX0VgfFPHEDRm7Y/QPjGyNo4TVdnDTdft3tr8hEkD25a1jC+TjTuE7tkHGKkhwCgs9dgBB2g==}
    dev: false

  /yallist/2.1.2:
    resolution: {integrity: sha1-HBH5IY8HYImkfdUS+TxmmaaoHVI=}
    dev: false

  '@github.com/pull-stream/pull-tee/tarball/master':
    resolution: {tarball: https://github.com/pull-stream/pull-tee/tarball/master}
    name: pull-tee
    version: 2.0.1
    dev: false
