lockfileVersion: '9.0'

settings:
  autoInstallPeers: true
  excludeLinksFromLockfile: false

importers:

  .:
    dependencies:
      cnd:
        specifier: ^9.2.2
        version: 9.3.0(acorn-loose@8.5.2)(acorn-walk@8.3.4)(acorn@8.15.0)(astring@1.9.0)(chokidar@3.6.0)(dayjs@1.11.19)(tmp@0.2.5)
      intertype:
        specifier: ^7.6.7
        version: 7.7.1
      ncr-norangereader:
        specifier: ^2.1.3
        version: 2.1.3
      nearley:
        specifier: ^2.9.3
        version: 2.20.1

packages:

  acorn-loose@8.5.2:
    resolution: {integrity: sha512-PPvV6g8UGMGgjrMu+n/f9E/tCSkNQ2Y97eFvuVdJfG11+xdIeDcLyNdC8SHcrHbRqkfwLASdplyR6B6sKM1U4A==}
    engines: {node: '>=0.4.0'}

  acorn-walk@8.3.4:
    resolution: {integrity: sha512-ueEepnujpqee2o5aIYnvHU6C0A42MNdsIDeqy5BydrkuC5R1ZuUFnm27EeFJGoEHJQgn3uleRvmTXaJgfXbt4g==}
    engines: {node: '>=0.4.0'}

  acorn@8.15.0:
    resolution: {integrity: sha512-NZyJarBfL7nWwIq+FDL6Zp/yHEhePMNnnJ0y3qfieCrmNvYct8uvtiV41UvlSe6apAfk0fY1FbWx+NwfmpvtTg==}
    engines: {node: '>=0.4.0'}
    hasBin: true

  anymatch@3.1.3:
    resolution: {integrity: sha512-KMReFUr0B4t+D+OBkjR3KYqvocp2XaSzO55UcB6mgQMd3KbcE+mWTyvVV7D/zsdEbNnV6acZUutkiHQXvTr1Rw==}
    engines: {node: '>= 8'}

  astring@1.9.0:
    resolution: {integrity: sha512-LElXdjswlqjWrPpJFg1Fx4wpkOCxj1TDHlSV4PlaRxHGWko024xICaa97ZkMfs6DRKlCguiAI+rbXv5GWwXIkg==}
    hasBin: true

  binary-extensions@2.3.0:
    resolution: {integrity: sha512-Ceh+7ox5qe7LJuLHoY0feh3pHuUDHAcRUeyL2VYghZwfpkNIy/+8Ocg0a3UuSoYzavmylwuLWQOf3hl0jjMMIw==}
    engines: {node: '>=8'}

  braces@3.0.3:
    resolution: {integrity: sha512-yQbXgO/OSZVD2IsiLlro+7Hf6Q18EJrKSEsdoMzKePKXct3gvD8oLcOQdIzGupr5Fj+EDe8gO/lxc1BzfMpxvA==}
    engines: {node: '>=8'}

  chokidar@3.6.0:
    resolution: {integrity: sha512-7VT13fmjotKpGipCW9JEQAusEPE+Ei8nl6/g4FBAmIm0GOOLMua9NDDo/DWp0ZAxCr3cPq5ZpBqmPAQgDda2Pw==}
    engines: {node: '>= 8.10.0'}

  cnd@9.2.1:
    resolution: {integrity: sha512-JszZtSlOCxkIvNPKpw1PmIcQUjYO+pBqVoKVH2STHLtG4JHHJ1NHowv39lhyxzlPxUTZk7pZ3qO7CfrfJ8ZSKw==}
    hasBin: true

  cnd@9.3.0:
    resolution: {integrity: sha512-ATpPrhzCBNY52jPgcQOelm2kgMoE2VK+Gwz6hT2QKJZqCFQgfr5EJy3T2qWJfa0cOXAQpGx4JMyCTUZCXcKlXQ==}
    hasBin: true

  commander@2.20.3:
    resolution: {integrity: sha512-GpVkmM8vF2vQUkj2LvZmD35JxeJOLCwJ9cUkugyk2nuhbv3+mJvpLYYt+0+USMxE+oj+ey/lJEnhZw75x/OMcQ==}

  dayjs@1.11.19:
    resolution: {integrity: sha512-t5EcLVS6QPBNqM2z8fakk/NKel+Xzshgt8FFKAn+qwlD1pzZWxh0nVCrvFK7ZDb6XucZeF9z8C7CBWTRIVApAw==}

  discontinuous-range@1.0.0:
    resolution: {integrity: sha512-c68LpLbO+7kP/b1Hr1qs8/BJ09F5khZGTxqxZuhzxpmwJKOgRFHJWIb9/KmqnqHhLdO55aOxFH/EGBvUQbL/RQ==}

  error-callsites@2.0.4:
    resolution: {integrity: sha512-V877Ch4FC4FN178fDK1fsrHN4I1YQIBdtjKrHh3BUHMnh3SMvwUVrqkaOgDpUuevgSNna0RBq6Ox9SGlxYrigA==}
    engines: {node: '>=6.x'}

  fill-range@7.1.1:
    resolution: {integrity: sha512-YsGpe3WHLK8ZYi4tWDg2Jy3ebRz2rXowDxnld4bkQB00cc/1Zw9AWnC0i9ztDJitivtQvaI9KaLyKrc+hBW0yg==}
    engines: {node: '>=8'}

  fsevents@2.3.3:
    resolution: {integrity: sha512-5xoDfX+fL7faATnagmWPpbFtwh/R77WmMMqqHGS65C3vvB0YHrgF+B1YmZ3441tMj5n63k0212XNoJwzlhffQw==}
    engines: {node: ^8.16.0 || ^10.6.0 || >=11.0.0}
    os: [darwin]

  glob-parent@5.1.2:
    resolution: {integrity: sha512-AOIgSQCepiJYwP3ARnGx+5VnTu2HBYdzbGP45eLw1vr3zB3vZLeyed1sC9hnbcOc9/SrMyM5RPQrkGz4aS9Zow==}
    engines: {node: '>= 6'}

  guy@13.7.2:
    resolution: {integrity: sha512-esrCVHpVwfz65q1tHB/6Q5MpXwGQyrQx8pqpvzteCQAGz95fveQFuAlpqWoJ4b6QFk0atORzPRNj2d7+PoOiYQ==}
    peerDependencies:
      acorn: ^8.7.1
      acorn-loose: ^8.3.0
      acorn-walk: ^8.2.0
      astring: ^1.8.3
      chokidar: ^3.5.3
      dayjs: ^1.11.7
      tmp: ^0.2.1

  interskiplist@0.3.0:
    resolution: {integrity: sha512-wbJT06yDygPP1b8QcMeQeTcu4RJAvusz2TpN6CaSnVMwifUqexOp6FuCdYKw/v2gvT/jpOYeoyfNB5umLiQKeA==}

  intertype-legacy@7.7.1:
    resolution: {integrity: sha512-Bj3k9bCu8vA6JLIvnCrJXOdkecgY5wtCmORclJ87uq22N53swREHT5bezSeK5TwcxgSJEDg2wEfcn4kNr9Qv8A==}

  intertype@7.7.1:
    resolution: {integrity: sha512-GgGJYdbHaZ5AM4TvxzXSfkgFwAIEl6w3yIFiDY15uc85W41YfSRL0vNuO68tjNQ3gNIJ+U+xOYA8cw9NN8j0JQ==}

  interval-skip-list@2.0.1:
    resolution: {integrity: sha512-+s671MsDhB/3isKoTLXt+xlRxMpD5Vpj6Ve6UsIH9M9hmXGi6PCAcZUIrRe/xEoiS1zF6/ysV5Uq1a8wXI6Xcg==}

  is-binary-path@2.1.0:
    resolution: {integrity: sha512-ZMERYes6pDydyuGidse7OsHxtbI7WVeUEozgR/g7rd0xUimYNlvZRE/K2MgZTjWy725IfelLeVcEM97mmtRGXw==}
    engines: {node: '>=8'}

  is-extglob@2.1.1:
    resolution: {integrity: sha512-SbKbANkN603Vi4jEZv49LeVJMn4yGwsbzZworEoyEiutsN3nJYdbO36zfhGJ6QEDpOZIFkDtnq5JRxmvl3jsoQ==}
    engines: {node: '>=0.10.0'}

  is-glob@4.0.3:
    resolution: {integrity: sha512-xelSayHH36ZgE7ZWhli7pW34hNbNl8Ojv5KVmkJD4hBdD3th8Tfk9vYasLM+mXWOZhFkgZfxhLSnrwRr4elSSg==}
    engines: {node: '>=0.10.0'}

  is-number@7.0.0:
    resolution: {integrity: sha512-41Cifkg6e8TylSpdtTpeLVMqvSBEVzTttHvERD741+pnZ8ANv0004MRL43QKPDlK9cGvNp6NZWZUBlbGXYxxng==}
    engines: {node: '>=0.12.0'}

  jsx-number-format@0.1.5:
    resolution: {integrity: sha512-eS1SvW5Lm+UQOrpxqtTF6NgPDupYlCV1GXJr+f/1yp+nwQH/4qW6XarwCcdphQjNHrJFC4ko2MgRyRDS/ypqZw==}

  letsfreezethat@3.1.0:
    resolution: {integrity: sha512-jJ1nvvQi6unW0WifjNPMIb64Byom0EXzSKWFYA++EpyjK3qv1J2pqeSoEJ61tGJoNG0GoNjPoeLYhxW16riZaA==}

  load-source-map@3.0.1:
    resolution: {integrity: sha512-TMYgVXwivT/VeOk0h+chnlhgCclG9xaB8v0Z07gOGDuvE1Vg60fW4NOIPMQ+h64jYYgfgenp0AsdczQWfRAoVw==}
    engines: {node: '>=12'}

  lodash.sortby@4.7.0:
    resolution: {integrity: sha512-HDWXG8isMntAyRF5vZ7xKuEvOhT4AhlRt/3czTSjvGUxjYCBVRQY48ViDHyfYz9VIoBkW4TMGQNapx+l3RUwdA==}

  moo@0.5.2:
    resolution: {integrity: sha512-iSAJLHYKnX41mKcJKjqvnAN9sf0LMDTXDEvFv+ffuRR9a1MIuXLjMNL6EsnDHSkKLTWNqQQ5uo61P4EbU4NU+Q==}

  multimix006modern@0.0.6:
    resolution: {integrity: sha512-r7Kfb/jZtgEj8EuVnqIsHydQ0u+rNdo2zUFOTSQ/bBpUnZsJkAQj4/8t+/fXpDlzKpN1LckkghV4WsL84DQpTQ==}

  multimix@5.0.0:
    resolution: {integrity: sha512-N9cdGSDDD7kxOV7R6e4iZqsHTZ4F4iiSDWqMcVqx4gEH6HBtRXav39Gj3fgT1YqvBcwPCQuf0Oa5R2cDaLWK8A==}

  ncr-norangereader@2.1.3:
    resolution: {integrity: sha512-HcFiYEKeI/kX5EJ0fzAwUVr01iSLkVAKNs+6HGastuY+11mZM/bQSwD0d+dKS82h0tUnrD8RytqvFCPo0eCCYw==}

  nearley@2.20.1:
    resolution: {integrity: sha512-+Mc8UaAebFzgV+KpI5n7DasuuQCHA89dmwm7JXw3TV43ukfNQ9DnBH3Mdb2g/I4Fdxc26pwimBWvjIw0UAILSQ==}
    hasBin: true

  nodexh@2.2.2:
    resolution: {integrity: sha512-MPxjFKRysuUaniLKqzojRMIs+528tGQW6zk5CGcH5BA7CAs1nARhlMVqbUKdxfCFWNhscPE7Gr0ch4ThvsMlOg==}
    hasBin: true

  normalize-path@3.0.0:
    resolution: {integrity: sha512-6eZs5Ls3WtCisHWp9S2GUy8dqkpGi4BVSz3GaqiE6ezub0512ESztXUwUB6C6IKbQkY2Pnb/mD4WYojCRwcwLA==}
    engines: {node: '>=0.10.0'}

  picomatch@2.3.1:
    resolution: {integrity: sha512-JU3teHTNjmE2VCGFzuY8EXzCDVwEqB2a8fsIvwaStHhAWJEeVd1o1QD80CU6+ZdEXXSLbSsuLwJjkCBWqRQUVA==}
    engines: {node: '>=8.6'}

  punycode@2.3.1:
    resolution: {integrity: sha512-vYt7UD1U9Wg6138shLtLOvdAu+8DsC/ilFtEVHcH+wydcSpNE20AfSOduf6MkRFahL5FY7X1oU7nKVZFtfq8Fg==}
    engines: {node: '>=6'}

  railroad-diagrams@1.0.0:
    resolution: {integrity: sha512-cz93DjNeLY0idrCNOH6PviZGRN9GJhsdm9hpn1YCS879fj4W+x5IFJhhkRZcwVgMmFF7R82UA/7Oh+R8lLZg6A==}

  randexp@0.4.6:
    resolution: {integrity: sha512-80WNmd9DA0tmZrw9qQa62GPPWfuXJknrmVmLcxvq4uZBdYqb1wYoKTmnlGUchvVWe0XiLupYkBoXVOxz3C8DYQ==}
    engines: {node: '>=0.12'}

  readdirp@3.6.0:
    resolution: {integrity: sha512-hOS089on8RduqdbhvQ5Z37A0ESjsqz6qnRcffsMU3495FuTdqSm+7bhJ29JvIOsBDEEnan5DPu9t3To9VRlMzA==}
    engines: {node: '>=8.10.0'}

  ret@0.1.15:
    resolution: {integrity: sha512-TTlYpa+OL+vMMNG24xSlQGEJ3B/RzEfUlLct7b5G/ytav+wPrplCpVMFuwzXbkecJrb6IYo1iFb0S9v37754mg==}
    engines: {node: '>=0.12'}

  source-map@0.8.0-beta.0:
    resolution: {integrity: sha512-2ymg6oRBpebeZi9UUNsgQ89bhx01TcTkmNTGnNO88imTmbSgy4nfujrgVEFKWpMTEGA11EDkTt7mqObTPdigIA==}
    engines: {node: '>= 8'}
    deprecated: The work that was done in this beta branch won't be included in future versions

  tmp@0.2.5:
    resolution: {integrity: sha512-voyz6MApa1rQGUxT3E+BK7/ROe8itEx7vD8/HEvt4xwXucvQ5G5oeEiHkmHZJuBO21RpOf+YYm9MOivj709jow==}
    engines: {node: '>=14.14'}

  to-regex-range@5.0.1:
    resolution: {integrity: sha512-65P7iz6X5yEr1cwcgvQxbbIw7Uk3gOy5dIdtZ4rDveLqhrdJP+Li/Hx6tyK0NEb+2GCyneCMJiGqrADCSNk8sQ==}
    engines: {node: '>=8.0'}

  tr46@1.0.1:
    resolution: {integrity: sha512-dTpowEjclQ7Kgx5SdBkqRzVhERQXov8/l9Ft9dVM9fmg0W0KQSVaXX9T4i6twCPNtYiZM53lpSSUAwJbFPOHxA==}

  underscore-plus@1.7.0:
    resolution: {integrity: sha512-A3BEzkeicFLnr+U/Q3EyWwJAQPbA19mtZZ4h+lLq3ttm9kn8WC4R3YpuJZEXmWdLjYP47Zc8aLZm9kwdv+zzvA==}

  underscore@1.13.7:
    resolution: {integrity: sha512-GMXzWtsc57XAtguZgaQViUOzs0KTkk8ojr3/xAxXLITqf/3EMwxC0inyETfDFjH/Krbhuep0HNbbjI9i/q3F3g==}

  webidl-conversions@4.0.2:
    resolution: {integrity: sha512-YQ+BmxuTgd6UXZW3+ICGfyqRyHXVlD5GtQr5+qjiNW7bF0cqrzX500HVXPBOvgXb5YnzDd+h0zqyv61KUD7+Sg==}

  whatwg-url@7.1.0:
    resolution: {integrity: sha512-WUu7Rg1DroM7oQvGWfOiAK21n74Gg+T4elXEQYkOhtyLeWiJFoOGLXPKI/9gzIie9CtwVLm8wtw6YJdKyxSjeg==}

snapshots:

  acorn-loose@8.5.2:
    dependencies:
      acorn: 8.15.0

  acorn-walk@8.3.4:
    dependencies:
      acorn: 8.15.0

  acorn@8.15.0: {}

  anymatch@3.1.3:
    dependencies:
      normalize-path: 3.0.0
      picomatch: 2.3.1

  astring@1.9.0: {}

  binary-extensions@2.3.0: {}

  braces@3.0.3:
    dependencies:
      fill-range: 7.1.1

  chokidar@3.6.0:
    dependencies:
      anymatch: 3.1.3
      braces: 3.0.3
      glob-parent: 5.1.2
      is-binary-path: 2.1.0
      is-glob: 4.0.3
      normalize-path: 3.0.0
      readdirp: 3.6.0
    optionalDependencies:
      fsevents: 2.3.3

  cnd@9.2.1: {}

  cnd@9.3.0(acorn-loose@8.5.2)(acorn-walk@8.3.4)(acorn@8.15.0)(astring@1.9.0)(chokidar@3.6.0)(dayjs@1.11.19)(tmp@0.2.5):
    dependencies:
      jsx-number-format: 0.1.5
      nodexh: 2.2.2(acorn-loose@8.5.2)(acorn-walk@8.3.4)(acorn@8.15.0)(astring@1.9.0)(chokidar@3.6.0)(dayjs@1.11.19)(tmp@0.2.5)
    transitivePeerDependencies:
      - acorn
      - acorn-loose
      - acorn-walk
      - astring
      - chokidar
      - dayjs
      - tmp

  commander@2.20.3: {}

  dayjs@1.11.19: {}

  discontinuous-range@1.0.0: {}

  error-callsites@2.0.4: {}

  fill-range@7.1.1:
    dependencies:
      to-regex-range: 5.0.1

  fsevents@2.3.3:
    optional: true

  glob-parent@5.1.2:
    dependencies:
      is-glob: 4.0.3

  guy@13.7.2(acorn-loose@8.5.2)(acorn-walk@8.3.4)(acorn@8.15.0)(astring@1.9.0)(chokidar@3.6.0)(dayjs@1.11.19)(tmp@0.2.5):
    dependencies:
      acorn: 8.15.0
      acorn-loose: 8.5.2
      acorn-walk: 8.3.4
      astring: 1.9.0
      chokidar: 3.6.0
      dayjs: 1.11.19
      intertype-legacy: 7.7.1
      letsfreezethat: 3.1.0
      tmp: 0.2.5

  interskiplist@0.3.0:
    dependencies:
      cnd: 9.2.1
      intertype: 7.7.1
      interval-skip-list: 2.0.1
      multimix006modern: 0.0.6

  intertype-legacy@7.7.1:
    dependencies:
      multimix: 5.0.0

  intertype@7.7.1:
    dependencies:
      multimix: 5.0.0

  interval-skip-list@2.0.1:
    dependencies:
      underscore-plus: 1.7.0

  is-binary-path@2.1.0:
    dependencies:
      binary-extensions: 2.3.0

  is-extglob@2.1.1: {}

  is-glob@4.0.3:
    dependencies:
      is-extglob: 2.1.1

  is-number@7.0.0: {}

  jsx-number-format@0.1.5: {}

  letsfreezethat@3.1.0: {}

  load-source-map@3.0.1:
    dependencies:
      source-map: 0.8.0-beta.0

  lodash.sortby@4.7.0: {}

  moo@0.5.2: {}

  multimix006modern@0.0.6:
    dependencies:
      cnd: 9.2.1
      intertype: 7.7.1

  multimix@5.0.0: {}

  ncr-norangereader@2.1.3:
    dependencies:
      cnd: 9.2.1
      interskiplist: 0.3.0
      intertype: 7.7.1
      multimix006modern: 0.0.6

  nearley@2.20.1:
    dependencies:
      commander: 2.20.3
      moo: 0.5.2
      railroad-diagrams: 1.0.0
      randexp: 0.4.6

  nodexh@2.2.2(acorn-loose@8.5.2)(acorn-walk@8.3.4)(acorn@8.15.0)(astring@1.9.0)(chokidar@3.6.0)(dayjs@1.11.19)(tmp@0.2.5):
    dependencies:
      error-callsites: 2.0.4
      guy: 13.7.2(acorn-loose@8.5.2)(acorn-walk@8.3.4)(acorn@8.15.0)(astring@1.9.0)(chokidar@3.6.0)(dayjs@1.11.19)(tmp@0.2.5)
      load-source-map: 3.0.1
    transitivePeerDependencies:
      - acorn
      - acorn-loose
      - acorn-walk
      - astring
      - chokidar
      - dayjs
      - tmp

  normalize-path@3.0.0: {}

  picomatch@2.3.1: {}

  punycode@2.3.1: {}

  railroad-diagrams@1.0.0: {}

  randexp@0.4.6:
    dependencies:
      discontinuous-range: 1.0.0
      ret: 0.1.15

  readdirp@3.6.0:
    dependencies:
      picomatch: 2.3.1

  ret@0.1.15: {}

  source-map@0.8.0-beta.0:
    dependencies:
      whatwg-url: 7.1.0

  tmp@0.2.5: {}

  to-regex-range@5.0.1:
    dependencies:
      is-number: 7.0.0

  tr46@1.0.1:
    dependencies:
      punycode: 2.3.1

  underscore-plus@1.7.0:
    dependencies:
      underscore: 1.13.7

  underscore@1.13.7: {}

  webidl-conversions@4.0.2: {}

  whatwg-url@7.1.0:
    dependencies:
      lodash.sortby: 4.7.0
      tr46: 1.0.1
      webidl-conversions: 4.0.2
